// !$*UTF8*$!
{
	archiveVersion = 1;
	classes = {
	};
	objectVersion = 46;
	objects = {

/* Begin PBXBuildFile section */
		E4B26EC41E52AA0900F8D149 /* main.m in Sources */ = {isa = PBXBuildFile; fileRef = E4B26EC31E52AA0900F8D149 /* main.m */; };
		E4B26EC71E52AA0900F8D149 /* AppDelegate.m in Sources */ = {isa = PBXBuildFile; fileRef = E4B26EC61E52AA0900F8D149 /* AppDelegate.m */; };
		E4B26ECA1E52AA0900F8D149 /* ViewController.m in Sources */ = {isa = PBXBuildFile; fileRef = E4B26EC91E52AA0900F8D149 /* ViewController.m */; };
		E4B26ECD1E52AA0900F8D149 /* Main.storyboard in Resources */ = {isa = PBXBuildFile; fileRef = E4B26ECB1E52AA0900F8D149 /* Main.storyboard */; };
		E4B26ECF1E52AA0900F8D149 /* Assets.xcassets in Resources */ = {isa = PBXBuildFile; fileRef = E4B26ECE1E52AA0900F8D149 /* Assets.xcassets */; };
		E4B26ED21E52AA0900F8D149 /* LaunchScreen.storyboard in Resources */ = {isa = PBXBuildFile; fileRef = E4B26ED01E52AA0900F8D149 /* LaunchScreen.storyboard */; };
		E4B26EDD1E52AA0900F8D149 /* ImageChangeDemoTests.m in Sources */ = {isa = PBXBuildFile; fileRef = E4B26EDC1E52AA0900F8D149 /* ImageChangeDemoTests.m */; };
		E4B26EE81E52AA0900F8D149 /* ImageChangeDemoUITests.m in Sources */ = {isa = PBXBuildFile; fileRef = E4B26EE71E52AA0900F8D149 /* ImageChangeDemoUITests.m */; };
		E4B26EF71E52AA6D00F8D149 /* icon.png in Resources */ = {isa = PBXBuildFile; fileRef = E4B26EF51E52AA6D00F8D149 /* icon.png */; };
		E4B26EF81E52AA6D00F8D149 /* blue.png in Resources */ = {isa = PBXBuildFile; fileRef = E4B26EF61E52AA6D00F8D149 /* blue.png */; };
		E4B26EFB1E52D12F00F8D149 /* UIImage+ChangeColor.m in Sources */ = {isa = PBXBuildFile; fileRef = E4B26EFA1E52D12F00F8D149 /* UIImage+ChangeColor.m */; };
		E4B26EFD1E52EF0100F8D149 /* logofoot.png in Resources */ = {isa = PBXBuildFile; fileRef = E4B26EFC1E52EF0100F8D149 /* logofoot.png */; };
		E4B26EFF1E52F0C600F8D149 /* test.png in Resources */ = {isa = PBXBuildFile; fileRef = E4B26EFE1E52F0C600F8D149 /* test.png */; };
/* End PBXBuildFile section */

/* Begin PBXContainerItemProxy section */
		E4B26ED91E52AA0900F8D149 /* PBXContainerItemProxy */ = {
			isa = PBXContainerItemProxy;
			containerPortal = E4B26EB71E52AA0900F8D149 /* Project object */;
			proxyType = 1;
			remoteGlobalIDString = E4B26EBE1E52AA0900F8D149;
			remoteInfo = ImageChangeDemo;
		};
		E4B26EE41E52AA0900F8D149 /* PBXContainerItemProxy */ = {
			isa = PBXContainerItemProxy;
			containerPortal = E4B26EB71E52AA0900F8D149 /* Project object */;
			proxyType = 1;
			remoteGlobalIDString = E4B26EBE1E52AA0900F8D149;
			remoteInfo = ImageChangeDemo;
		};
/* End PBXContainerItemProxy section */

/* Begin PBXFileReference section */
		E4B26EBF1E52AA0900F8D149 /* ImageChangeDemo.app */ = {isa = PBXFileReference; explicitFileType = wrapper.application; includeInIndex = 0; path = ImageChangeDemo.app; sourceTree = BUILT_PRODUCTS_DIR; };
		E4B26EC31E52AA0900F8D149 /* main.m */ = {isa = PBXFileReference; lastKnownFileType = sourcecode.c.objc; path = main.m; sourceTree = "<group>"; };
		E4B26EC51E52AA0900F8D149 /* AppDelegate.h */ = {isa = PBXFileReference; lastKnownFileType = sourcecode.c.h; path = AppDelegate.h; sourceTree = "<group>"; };
		E4B26EC61E52AA0900F8D149 /* AppDelegate.m */ = {isa = PBXFileReference; lastKnownFileType = sourcecode.c.objc; path = AppDelegate.m; sourceTree = "<group>"; };
		E4B26EC81E52AA0900F8D149 /* ViewController.h */ = {isa = PBXFileReference; lastKnownFileType = sourcecode.c.h; path = ViewController.h; sourceTree = "<group>"; };
		E4B26EC91E52AA0900F8D149 /* ViewController.m */ = {isa = PBXFileReference; lastKnownFileType = sourcecode.c.objc; path = ViewController.m; sourceTree = "<group>"; };
		E4B26ECC1E52AA0900F8D149 /* Base */ = {isa = PBXFileReference; lastKnownFileType = file.storyboard; name = Base; path = Base.lproj/Main.storyboard; sourceTree = "<group>"; };
		E4B26ECE1E52AA0900F8D149 /* Assets.xcassets */ = {isa = PBXFileReference; lastKnownFileType = folder.assetcatalog; path = Assets.xcassets; sourceTree = "<group>"; };
		E4B26ED11E52AA0900F8D149 /* Base */ = {isa = PBXFileReference; lastKnownFileType = file.storyboard; name = Base; path = Base.lproj/LaunchScreen.storyboard; sourceTree = "<group>"; };
		E4B26ED31E52AA0900F8D149 /* Info.plist */ = {isa = PBXFileReference; lastKnownFileType = text.plist.xml; path = Info.plist; sourceTree = "<group>"; };
		E4B26ED81E52AA0900F8D149 /* ImageChangeDemoTests.xctest */ = {isa = PBXFileReference; explicitFileType = wrapper.cfbundle; includeInIndex = 0; path = ImageChangeDemoTests.xctest; sourceTree = BUILT_PRODUCTS_DIR; };
		E4B26EDC1E52AA0900F8D149 /* ImageChangeDemoTests.m */ = {isa = PBXFileReference; lastKnownFileType = sourcecode.c.objc; path = ImageChangeDemoTests.m; sourceTree = "<group>"; };
		E4B26EDE1E52AA0900F8D149 /* Info.plist */ = {isa = PBXFileReference; lastKnownFileType = text.plist.xml; path = Info.plist; sourceTree = "<group>"; };
		E4B26EE31E52AA0900F8D149 /* ImageChangeDemoUITests.xctest */ = {isa = PBXFileReference; explicitFileType = wrapper.cfbundle; includeInIndex = 0; path = ImageChangeDemoUITests.xctest; sourceTree = BUILT_PRODUCTS_DIR; };
		E4B26EE71E52AA0900F8D149 /* ImageChangeDemoUITests.m */ = {isa = PBXFileReference; lastKnownFileType = sourcecode.c.objc; path = ImageChangeDemoUITests.m; sourceTree = "<group>"; };
		E4B26EE91E52AA0900F8D149 /* Info.plist */ = {isa = PBXFileReference; lastKnownFileType = text.plist.xml; path = Info.plist; sourceTree = "<group>"; };
		E4B26EF51E52AA6D00F8D149 /* icon.png */ = {isa = PBXFileReference; lastKnownFileType = image.png; path = icon.png; sourceTree = "<group>"; };
		E4B26EF61E52AA6D00F8D149 /* blue.png */ = {isa = PBXFileReference; lastKnownFileType = image.png; path = blue.png; sourceTree = "<group>"; };
		E4B26EF91E52D12F00F8D149 /* UIImage+ChangeColor.h */ = {isa = PBXFileReference; fileEncoding = 4; lastKnownFileType = sourcecode.c.h; path = "UIImage+ChangeColor.h"; sourceTree = "<group>"; };
		E4B26EFA1E52D12F00F8D149 /* UIImage+ChangeColor.m */ = {isa = PBXFileReference; fileEncoding = 4; lastKnownFileType = sourcecode.c.objc; path = "UIImage+ChangeColor.m"; sourceTree = "<group>"; };
		E4B26EFC1E52EF0100F8D149 /* logofoot.png */ = {isa = PBXFileReference; lastKnownFileType = image.png; path = logofoot.png; sourceTree = "<group>"; };
		E4B26EFE1E52F0C600F8D149 /* test.png */ = {isa = PBXFileReference; lastKnownFileType = image.png; path = test.png; sourceTree = "<group>"; };
/* End PBXFileReference section */

/* Begin PBXFrameworksBuildPhase section */
		E4B26EBC1E52AA0900F8D149 /* Frameworks */ = {
			isa = PBXFrameworksBuildPhase;
			buildActionMask = 2147483647;
			files = (
			);
			runOnlyForDeploymentPostprocessing = 0;
		};
		E4B26ED51E52AA0900F8D149 /* Frameworks */ = {
			isa = PBXFrameworksBuildPhase;
			buildActionMask = 2147483647;
			files = (
			);
			runOnlyForDeploymentPostprocessing = 0;
		};
		E4B26EE01E52AA0900F8D149 /* Frameworks */ = {
			isa = PBXFrameworksBuildPhase;
			buildActionMask = 2147483647;
			files = (
			);
			runOnlyForDeploymentPostprocessing = 0;
		};
/* End PBXFrameworksBuildPhase section */

/* Begin PBXGroup section */
		E4B26EB61E52AA0900F8D149 = {
			isa = PBXGroup;
			children = (
				E4B26EC11E52AA0900F8D149 /* ImageChangeDemo */,
				E4B26EDB1E52AA0900F8D149 /* ImageChangeDemoTests */,
				E4B26EE61E52AA0900F8D149 /* ImageChangeDemoUITests */,
				E4B26EC01E52AA0900F8D149 /* Products */,
			);
			sourceTree = "<group>";
		};
		E4B26EC01E52AA0900F8D149 /* Products */ = {
			isa = PBXGroup;
			children = (
				E4B26EBF1E52AA0900F8D149 /* ImageChangeDemo.app */,
				E4B26ED81E52AA0900F8D149 /* ImageChangeDemoTests.xctest */,
				E4B26EE31E52AA0900F8D149 /* ImageChangeDemoUITests.xctest */,
			);
			name = Products;
			sourceTree = "<group>";
		};
		E4B26EC11E52AA0900F8D149 /* ImageChangeDemo */ = {
			isa = PBXGroup;
			children = (
				E4B26EC51E52AA0900F8D149 /* AppDelegate.h */,
				E4B26EC61E52AA0900F8D149 /* AppDelegate.m */,
				E4B26EC81E52AA0900F8D149 /* ViewController.h */,
				E4B26EC91E52AA0900F8D149 /* ViewController.m */,
				E4B26EF91E52D12F00F8D149 /* UIImage+ChangeColor.h */,
				E4B26EFA1E52D12F00F8D149 /* UIImage+ChangeColor.m */,
				E4B26EFE1E52F0C600F8D149 /* test.png */,
				E4B26EFC1E52EF0100F8D149 /* logofoot.png */,
				E4B26EF51E52AA6D00F8D149 /* icon.png */,
				E4B26EF61E52AA6D00F8D149 /* blue.png */,
				E4B26ECB1E52AA0900F8D149 /* Main.storyboard */,
				E4B26ECE1E52AA0900F8D149 /* Assets.xcassets */,
				E4B26ED01E52AA0900F8D149 /* LaunchScreen.storyboard */,
				E4B26ED31E52AA0900F8D149 /* Info.plist */,
				E4B26EC21E52AA0900F8D149 /* Supporting Files */,
			);
			path = ImageChangeDemo;
			sourceTree = "<group>";
		};
		E4B26EC21E52AA0900F8D149 /* Supporting Files */ = {
			isa = PBXGroup;
			children = (
				E4B26EC31E52AA0900F8D149 /* main.m */,
			);
			name = "Supporting Files";
			sourceTree = "<group>";
		};
		E4B26EDB1E52AA0900F8D149 /* ImageChangeDemoTests */ = {
			isa = PBXGroup;
			children = (
				E4B26EDC1E52AA0900F8D149 /* ImageChangeDemoTests.m */,
				E4B26EDE1E52AA0900F8D149 /* Info.plist */,
			);
			path = ImageChangeDemoTests;
			sourceTree = "<group>";
		};
		E4B26EE61E52AA0900F8D149 /* ImageChangeDemoUITests */ = {
			isa = PBXGroup;
			children = (
				E4B26EE71E52AA0900F8D149 /* ImageChangeDemoUITests.m */,
				E4B26EE91E52AA0900F8D149 /* Info.plist */,
			);
			path = ImageChangeDemoUITests;
			sourceTree = "<group>";
		};
/* End PBXGroup section */

/* Begin PBXNativeTarget section */
		E4B26EBE1E52AA0900F8D149 /* ImageChangeDemo */ = {
			isa = PBXNativeTarget;
			buildConfigurationList = E4B26EEC1E52AA0900F8D149 /* Build configuration list for PBXNativeTarget "ImageChangeDemo" */;
			buildPhases = (
				E4B26EBB1E52AA0900F8D149 /* Sources */,
				E4B26EBC1E52AA0900F8D149 /* Frameworks */,
				E4B26EBD1E52AA0900F8D149 /* Resources */,
			);
			buildRules = (
			);
			dependencies = (
			);
			name = ImageChangeDemo;
			productName = ImageChangeDemo;
			productReference = E4B26EBF1E52AA0900F8D149 /* ImageChangeDemo.app */;
			productType = "com.apple.product-type.application";
		};
		E4B26ED71E52AA0900F8D149 /* ImageChangeDemoTests */ = {
			isa = PBXNativeTarget;
			buildConfigurationList = E4B26EEF1E52AA0900F8D149 /* Build configuration list for PBXNativeTarget "ImageChangeDemoTests" */;
			buildPhases = (
				E4B26ED41E52AA0900F8D149 /* Sources */,
				E4B26ED51E52AA0900F8D149 /* Frameworks */,
				E4B26ED61E52AA0900F8D149 /* Resources */,
			);
			buildRules = (
			);
			dependencies = (
				E4B26EDA1E52AA0900F8D149 /* PBXTargetDependency */,
			);
			name = ImageChangeDemoTests;
			productName = ImageChangeDemoTests;
			productReference = E4B26ED81E52AA0900F8D149 /* ImageChangeDemoTests.xctest */;
			productType = "com.apple.product-type.bundle.unit-test";
		};
		E4B26EE21E52AA0900F8D149 /* ImageChangeDemoUITests */ = {
			isa = PBXNativeTarget;
			buildConfigurationList = E4B26EF21E52AA0900F8D149 /* Build configuration list for PBXNativeTarget "ImageChangeDemoUITests" */;
			buildPhases = (
				E4B26EDF1E52AA0900F8D149 /* Sources */,
				E4B26EE01E52AA0900F8D149 /* Frameworks */,
				E4B26EE11E52AA0900F8D149 /* Resources */,
			);
			buildRules = (
			);
			dependencies = (
				E4B26EE51E52AA0900F8D149 /* PBXTargetDependency */,
			);
			name = ImageChangeDemoUITests;
			productName = ImageChangeDemoUITests;
			productReference = E4B26EE31E52AA0900F8D149 /* ImageChangeDemoUITests.xctest */;
			productType = "com.apple.product-type.bundle.ui-testing";
		};
/* End PBXNativeTarget section */

/* Begin PBXProject section */
		E4B26EB71E52AA0900F8D149 /* Project object */ = {
			isa = PBXProject;
			attributes = {
				LastUpgradeCheck = 0820;
				ORGANIZATIONNAME = damon;
				TargetAttributes = {
					E4B26EBE1E52AA0900F8D149 = {
						CreatedOnToolsVersion = 8.2.1;
						DevelopmentTeam = DBH6C2N85V;
						ProvisioningStyle = Automatic;
					};
					E4B26ED71E52AA0900F8D149 = {
						CreatedOnToolsVersion = 8.2.1;
						DevelopmentTeam = DBH6C2N85V;
						ProvisioningStyle = Automatic;
						TestTargetID = E4B26EBE1E52AA0900F8D149;
					};
					E4B26EE21E52AA0900F8D149 = {
						CreatedOnToolsVersion = 8.2.1;
						DevelopmentTeam = DBH6C2N85V;
						ProvisioningStyle = Automatic;
						TestTargetID = E4B26EBE1E52AA0900F8D149;
					};
				};
			};
			buildConfigurationList = E4B26EBA1E52AA0900F8D149 /* Build configuration list for PBXProject "ImageChangeDemo" */;
			compatibilityVersion = "Xcode 3.2";
			developmentRegion = English;
			hasScannedForEncodings = 0;
			knownRegions = (
				en,
				Base,
			);
			mainGroup = E4B26EB61E52AA0900F8D149;
			productRefGroup = E4B26EC01E52AA0900F8D149 /* Products */;
			projectDirPath = "";
			projectRoot = "";
			targets = (
				E4B26EBE1E52AA0900F8D149 /* ImageChangeDemo */,
				E4B26ED71E52AA0900F8D149 /* ImageChangeDemoTests */,
				E4B26EE21E52AA0900F8D149 /* ImageChangeDemoUITests */,
			);
		};
/* End PBXProject section */

/* Begin PBXResourcesBuildPhase section */
		E4B26EBD1E52AA0900F8D149 /* Resources */ = {
			isa = PBXResourcesBuildPhase;
			buildActionMask = 2147483647;
			files = (
				E4B26EFD1E52EF0100F8D149 /* logofoot.png in Resources */,
				E4B26EF71E52AA6D00F8D149 /* icon.png in Resources */,
				E4B26EFF1E52F0C600F8D149 /* test.png in Resources */,
				E4B26EF81E52AA6D00F8D149 /* blue.png in Resources */,
				E4B26ED21E52AA0900F8D149 /* LaunchScreen.storyboard in Resources */,
				E4B26ECF1E52AA0900F8D149 /* Assets.xcassets in Resources */,
				E4B26ECD1E52AA0900F8D149 /* Main.storyboard in Resources */,
			);
			runOnlyForDeploymentPostprocessing = 0;
		};
		E4B26ED61E52AA0900F8D149 /* Resources */ = {
			isa = PBXResourcesBuildPhase;
			buildActionMask = 2147483647;
			files = (
			);
			runOnlyForDeploymentPostprocessing = 0;
		};
		E4B26EE11E52AA0900F8D149 /* Resources */ = {
			isa = PBXResourcesBuildPhase;
			buildActionMask = 2147483647;
			files = (
			);
			runOnlyForDeploymentPostprocessing = 0;
		};
/* End PBXResourcesBuildPhase section */

/* Begin PBXSourcesBuildPhase section */
		E4B26EBB1E52AA0900F8D149 /* Sources */ = {
			isa = PBXSourcesBuildPhase;
			buildActionMask = 2147483647;
			files = (
				E4B26ECA1E52AA0900F8D149 /* ViewController.m in Sources */,
				E4B26EFB1E52D12F00F8D149 /* UIImage+ChangeColor.m in Sources */,
				E4B26EC71E52AA0900F8D149 /* AppDelegate.m in Sources */,
				E4B26EC41E52AA0900F8D149 /* main.m in Sources */,
			);
			runOnlyForDeploymentPostprocessing = 0;
		};
		E4B26ED41E52AA0900F8D149 /* Sources */ = {
			isa = PBXSourcesBuildPhase;
			buildActionMask = 2147483647;
			files = (
				E4B26EDD1E52AA0900F8D149 /* ImageChangeDemoTests.m in Sources */,
			);
			runOnlyForDeploymentPostprocessing = 0;
		};
		E4B26EDF1E52AA0900F8D149 /* Sources */ = {
			isa = PBXSourcesBuildPhase;
			buildActionMask = 2147483647;
			files = (
				E4B26EE81E52AA0900F8D149 /* ImageChangeDemoUITests.m in Sources */,
			);
			runOnlyForDeploymentPostprocessing = 0;
		};
/* End PBXSourcesBuildPhase section */

/* Begin PBXTargetDependency section */
		E4B26EDA1E52AA0900F8D149 /* PBXTargetDependency */ = {
			isa = PBXTargetDependency;
			target = E4B26EBE1E52AA0900F8D149 /* ImageChangeDemo */;
			targetProxy = E4B26ED91E52AA0900F8D149 /* PBXContainerItemProxy */;
		};
		E4B26EE51E52AA0900F8D149 /* PBXTargetDependency */ = {
			isa = PBXTargetDependency;
			target = E4B26EBE1E52AA0900F8D149 /* ImageChangeDemo */;
			targetProxy = E4B26EE41E52AA0900F8D149 /* PBXContainerItemProxy */;
		};
/* End PBXTargetDependency section */

/* Begin PBXVariantGroup section */
		E4B26ECB1E52AA0900F8D149 /* Main.storyboard */ = {
			isa = PBXVariantGroup;
			children = (
				E4B26ECC1E52AA0900F8D149 /* Base */,
			);
			name = Main.storyboard;
			sourceTree = "<group>";
		};
		E4B26ED01E52AA0900F8D149 /* LaunchScreen.storyboard */ = {
			isa = PBXVariantGroup;
			children = (
				E4B26ED11E52AA0900F8D149 /* Base */,
			);
			name = LaunchScreen.storyboard;
			sourceTree = "<group>";
		};
/* End PBXVariantGroup section */

/* Begin XCBuildConfiguration section */
		E4B26EEA1E52AA0900F8D149 /* Debug */ = {
			isa = XCBuildConfiguration;
			buildSettings = {
				ALWAYS_SEARCH_USER_PATHS = NO;
				CLANG_ANALYZER_NONNULL = YES;
				CLANG_CXX_LANGUAGE_STANDARD = "gnu++0x";
				CLANG_CXX_LIBRARY = "libc++";
				CLANG_ENABLE_MODULES = YES;
				CLANG_ENABLE_OBJC_ARC = YES;
				CLANG_WARN_BOOL_CONVERSION = YES;
				CLANG_WARN_CONSTANT_CONVERSION = YES;
				CLANG_WARN_DIRECT_OBJC_ISA_USAGE = YES_ERROR;
				CLANG_WARN_DOCUMENTATION_COMMENTS = YES;
				CLANG_WARN_EMPTY_BODY = YES;
				CLANG_WARN_ENUM_CONVERSION = YES;
				CLANG_WARN_INFINITE_RECURSION = YES;
				CLANG_WARN_INT_CONVERSION = YES;
				CLANG_WARN_OBJC_ROOT_CLASS = YES_ERROR;
				CLANG_WARN_SUSPICIOUS_MOVE = YES;
				CLANG_WARN_UNREACHABLE_CODE = YES;
				CLANG_WARN__DUPLICATE_METHOD_MATCH = YES;
				"CODE_SIGN_IDENTITY[sdk=iphoneos*]" = "iPhone Developer";
				COPY_PHASE_STRIP = NO;
				DEBUG_INFORMATION_FORMAT = dwarf;
				ENABLE_STRICT_OBJC_MSGSEND = YES;
				ENABLE_TESTABILITY = YES;
				GCC_C_LANGUAGE_STANDARD = gnu99;
				GCC_DYNAMIC_NO_PIC = NO;
				GCC_NO_COMMON_BLOCKS = YES;
				GCC_OPTIMIZATION_LEVEL = 0;
				GCC_PREPROCESSOR_DEFINITIONS = (
					"DEBUG=1",
					"$(inherited)",
				);
				GCC_WARN_64_TO_32_BIT_CONVERSION = YES;
				GCC_WARN_ABOUT_RETURN_TYPE = YES_ERROR;
				GCC_WARN_UNDECLARED_SELECTOR = YES;
				GCC_WARN_UNINITIALIZED_AUTOS = YES_AGGRESSIVE;
				GCC_WARN_UNUSED_FUNCTION = YES;
				GCC_WARN_UNUSED_VARIABLE = YES;
				IPHONEOS_DEPLOYMENT_TARGET = 10.2;
				MTL_ENABLE_DEBUG_INFO = YES;
				ONLY_ACTIVE_ARCH = YES;
				SDKROOT = iphoneos;
				TARGETED_DEVICE_FAMILY = "1,2";
			};
			name = Debug;
		};
		E4B26EEB1E52AA0900F8D149 /* Release */ = {
			isa = XCBuildConfiguration;
			buildSettings = {
				ALWAYS_SEARCH_USER_PATHS = NO;
				CLANG_ANALYZER_NONNULL = YES;
				CLANG_CXX_LANGUAGE_STANDARD = "gnu++0x";
				CLANG_CXX_LIBRARY = "libc++";
				CLANG_ENABLE_MODULES = YES;
				CLANG_ENABLE_OBJC_ARC = YES;
				CLANG_WARN_BOOL_CONVERSION = YES;
				CLANG_WARN_CONSTANT_CONVERSION = YES;
				CLANG_WARN_DIRECT_OBJC_ISA_USAGE = YES_ERROR;
				CLANG_WARN_DOCUMENTATION_COMMENTS = YES;
				CLANG_WARN_EMPTY_BODY = YES;
				CLANG_WARN_ENUM_CONVERSION = YES;
				CLANG_WARN_INFINITE_RECURSION = YES;
				CLANG_WARN_INT_CONVERSION = YES;
				CLANG_WARN_OBJC_ROOT_CLASS = YES_ERROR;
				CLANG_WARN_SUSPICIOUS_MOVE = YES;
				CLANG_WARN_UNREACHABLE_CODE = YES;
				CLANG_WARN__DUPLICATE_METHOD_MATCH = YES;
				"CODE_SIGN_IDENTITY[sdk=iphoneos*]" = "iPhone Developer";
				COPY_PHASE_STRIP = NO;
				DEBUG_INFORMATION_FORMAT = "dwarf-with-dsym";
				ENABLE_NS_ASSERTIONS = NO;
				ENABLE_STRICT_OBJC_MSGSEND = YES;
				GCC_C_LANGUAGE_STANDARD = gnu99;
				GCC_NO_COMMON_BLOCKS = YES;
				GCC_WARN_64_TO_32_BIT_CONVERSION = YES;
				GCC_WARN_ABOUT_RETURN_TYPE = YES_ERROR;
				GCC_WARN_UNDECLARED_SELECTOR = YES;
				GCC_WARN_UNINITIALIZED_AUTOS = YES_AGGRESSIVE;
				GCC_WARN_UNUSED_FUNCTION = YES;
				GCC_WARN_UNUSED_VARIABLE = YES;
				IPHONEOS_DEPLOYMENT_TARGET = 10.2;
				MTL_ENABLE_DEBUG_INFO = NO;
				SDKROOT = iphoneos;
				TARGETED_DEVICE_FAMILY = "1,2";
				VALIDATE_PRODUCT = YES;
			};
			name = Release;
		};
		E4B26EED1E52AA0900F8D149 /* Debug */ = {
			isa = XCBuildConfiguration;
			buildSettings = {
				ASSETCATALOG_COMPILER_APPICON_NAME = AppIcon;
				COMPRESS_PNG_FILES = YES;
				DEVELOPMENT_TEAM = DBH6C2N85V;
				INFOPLIST_FILE = ImageChangeDemo/Info.plist;
				LD_RUNPATH_SEARCH_PATHS = "$(inherited) @executable_path/Frameworks";
				PRODUCT_BUNDLE_IDENTIFIER = com.qinliannet.ImageChangeDemo;
				PRODUCT_NAME = "$(TARGET_NAME)";
				STRIP_PNG_TEXT = YES;
			};
			name = Debug;
		};
		E4B26EEE1E52AA0900F8D149 /* Release */ = {
			isa = XCBuildConfiguration;
			buildSettings = {
				ASSETCATALOG_COMPILER_APPICON_NAME = AppIcon;
				COMPRESS_PNG_FILES = YES;
				DEVELOPMENT_TEAM = DBH6C2N85V;
				INFOPLIST_FILE = ImageChangeDemo/Info.plist;
				LD_RUNPATH_SEARCH_PATHS = "$(inherited) @executable_path/Frameworks";
				PRODUCT_BUNDLE_IDENTIFIER = com.qinliannet.ImageChangeDemo;
				PRODUCT_NAME = "$(TARGET_NAME)";
				STRIP_PNG_TEXT = YES;
			};
			name = Release;
		};
		E4B26EF01E52AA0900F8D149 /* Debug */ = {
			isa = XCBuildConfiguration;
			buildSettings = {
				BUNDLE_LOADER = "$(TEST_HOST)";
				DEVELOPMENT_TEAM = DBH6C2N85V;
				INFOPLIST_FILE = ImageChangeDemoTests/Info.plist;
				LD_RUNPATH_SEARCH_PATHS = "$(inherited) @executable_path/Frameworks @loader_path/Frameworks";
				PRODUCT_BUNDLE_IDENTIFIER = com.qinliannet.ImageChangeDemoTests;
				PRODUCT_NAME = "$(TARGET_NAME)";
				TEST_HOST = "$(BUILT_PRODUCTS_DIR)/ImageChangeDemo.app/ImageChangeDemo";
			};
			name = Debug;
		};
		E4B26EF11E52AA0900F8D149 /* Release */ = {
			isa = XCBuildConfiguration;
			buildSettings = {
				BUNDLE_LOADER = "$(TEST_HOST)";
				DEVELOPMENT_TEAM = DBH6C2N85V;
				INFOPLIST_FILE = ImageChangeDemoTests/Info.plist;
				LD_RUNPATH_SEARCH_PATHS = "$(inherited) @executable_path/Frameworks @loader_path/Frameworks";
				PRODUCT_BUNDLE_IDENTIFIER = com.qinliannet.ImageChangeDemoTests;
				PRODUCT_NAME = "$(TARGET_NAME)";
				TEST_HOST = "$(BUILT_PRODUCTS_DIR)/ImageChangeDemo.app/ImageChangeDemo";
			};
			name = Release;
		};
		E4B26EF31E52AA0900F8D149 /* Debug */ = {
			isa = XCBuildConfiguration;
			buildSettings = {
				DEVELOPMENT_TEAM = DBH6C2N85V;
				INFOPLIST_FILE = ImageChangeDemoUITests/Info.plist;
				LD_RUNPATH_SEARCH_PATHS = "$(inherited) @executable_path/Frameworks @loader_path/Frameworks";
				PRODUCT_BUNDLE_IDENTIFIER = com.qinliannet.ImageChangeDemoUITests;
				PRODUCT_NAME = "$(TARGET_NAME)";
				TEST_TARGET_NAME = ImageChangeDemo;
			};
			name = Debug;
		};
		E4B26EF41E52AA0900F8D149 /* Release */ = {
			isa = XCBuildConfiguration;
			buildSettings = {
				DEVELOPMENT_TEAM = DBH6C2N85V;
				INFOPLIST_FILE = ImageChangeDemoUITests/Info.plist;
				LD_RUNPATH_SEARCH_PATHS = "$(inherited) @executable_path/Frameworks @loader_path/Frameworks";
				PRODUCT_BUNDLE_IDENTIFIER = com.qinliannet.ImageChangeDemoUITests;
				PRODUCT_NAME = "$(TARGET_NAME)";
				TEST_TARGET_NAME = ImageChangeDemo;
			};
			name = Release;
		};
/* End XCBuildConfiguration section */

/* Begin XCConfigurationList section */
		E4B26EBA1E52AA0900F8D149 /* Build configuration list for PBXProject "ImageChangeDemo" */ = {
			isa = XCConfigurationList;
			buildConfigurations = (
				E4B26EEA1E52AA0900F8D149 /* Debug */,
				E4B26EEB1E52AA0900F8D149 /* Release */,
			);
			defaultConfigurationIsVisible = 0;
			defaultConfigurationName = Release;
		};
		E4B26EEC1E52AA0900F8D149 /* Build configuration list for PBXNativeTarget "ImageChangeDemo" */ = {
			isa = XCConfigurationList;
			buildConfigurations = (
				E4B26EED1E52AA0900F8D149 /* Debug */,
				E4B26EEE1E52AA0900F8D149 /* Release */,
			);
			defaultConfigurationIsVisible = 0;
		};
		E4B26EEF1E52AA0900F8D149 /* Build configuration list for PBXNativeTarget "ImageChangeDemoTests" */ = {
			isa = XCConfigurationList;
			buildConfigurations = (
				E4B26EF01E52AA0900F8D149 /* Debug */,
				E4B26EF11E52AA0900F8D149 /* Release */,
			);
			defaultConfigurationIsVisible = 0;
		};
		E4B26EF21E52AA0900F8D149 /* Build configuration list for PBXNativeTarget "ImageChangeDemoUITests" */ = {
			isa = XCConfigurationList;
			buildConfigurations = (
				E4B26EF31E52AA0900F8D149 /* Debug */,
				E4B26EF41E52AA0900F8D149 /* Release */,
			);
			defaultConfigurationIsVisible = 0;
		};
/* End XCConfigurationList section */
	};
	rootObject = E4B26EB71E52AA0900F8D149 /* Project object */;
}
