// !$*UTF8*$!
{
	archiveVersion = 1;
	classes = {
	};
	objectVersion = 46;
	objects = {

/* Begin PBXBuildFile section */
		65208A287B933555F1ABBE2C /* libPods-mmmttttUITests.a in Frameworks */ = {isa = PBXBuildFile; fileRef = CFFC73402510C12201E62D84 /* libPods-mmmttttUITests.a */; };
		B33E8AD2139BE419C5FF28BE /* libPods-mmmtttt.a in Frameworks */ = {isa = PBXBuildFile; fileRef = 7A7253C42527A6323C6272D6 /* libPods-mmmtttt.a */; };
		DF5655571266FEA4A27611A4 /* libPods-mmmttttTests.a in Frameworks */ = {isa = PBXBuildFile; fileRef = C66D7F8A0CEF1F7B91B58BAA /* libPods-mmmttttTests.a */; };
		E4BA975E1F0F3E6500E67E21 /* main.m in Sources */ = {isa = PBXBuildFile; fileRef = E4BA975D1F0F3E6500E67E21 /* main.m */; };
		E4BA97611F0F3E6500E67E21 /* AppDelegate.m in Sources */ = {isa = PBXBuildFile; fileRef = E4BA97601F0F3E6500E67E21 /* AppDelegate.m */; };
		E4BA97641F0F3E6500E67E21 /* ViewController.m in Sources */ = {isa = PBXBuildFile; fileRef = E4BA97631F0F3E6500E67E21 /* ViewController.m */; };
		E4BA97671F0F3E6500E67E21 /* Main.storyboard in Resources */ = {isa = PBXBuildFile; fileRef = E4BA97651F0F3E6500E67E21 /* Main.storyboard */; };
		E4BA97691F0F3E6500E67E21 /* Assets.xcassets in Resources */ = {isa = PBXBuildFile; fileRef = E4BA97681F0F3E6500E67E21 /* Assets.xcassets */; };
		E4BA976C1F0F3E6500E67E21 /* LaunchScreen.storyboard in Resources */ = {isa = PBXBuildFile; fileRef = E4BA976A1F0F3E6500E67E21 /* LaunchScreen.storyboard */; };
		E4BA97771F0F3E6500E67E21 /* mmmttttTests.m in Sources */ = {isa = PBXBuildFile; fileRef = E4BA97761F0F3E6500E67E21 /* mmmttttTests.m */; };
		E4BA97821F0F3E6500E67E21 /* mmmttttUITests.m in Sources */ = {isa = PBXBuildFile; fileRef = E4BA97811F0F3E6500E67E21 /* mmmttttUITests.m */; };
/* End PBXBuildFile section */

/* Begin PBXContainerItemProxy section */
		E4BA97731F0F3E6500E67E21 /* PBXContainerItemProxy */ = {
			isa = PBXContainerItemProxy;
			containerPortal = E4BA97511F0F3E6400E67E21 /* Project object */;
			proxyType = 1;
			remoteGlobalIDString = E4BA97581F0F3E6500E67E21;
			remoteInfo = mmmtttt;
		};
		E4BA977E1F0F3E6500E67E21 /* PBXContainerItemProxy */ = {
			isa = PBXContainerItemProxy;
			containerPortal = E4BA97511F0F3E6400E67E21 /* Project object */;
			proxyType = 1;
			remoteGlobalIDString = E4BA97581F0F3E6500E67E21;
			remoteInfo = mmmtttt;
		};
/* End PBXContainerItemProxy section */

/* Begin PBXFileReference section */
		1F53E6611294D7A172F46F1B /* Pods-mmmtttt.debug.xcconfig */ = {isa = PBXFileReference; includeInIndex = 1; lastKnownFileType = text.xcconfig; name = "Pods-mmmtttt.debug.xcconfig"; path = "Pods/Target Support Files/Pods-mmmtttt/Pods-mmmtttt.debug.xcconfig"; sourceTree = "<group>"; };
		7313963493C43EDE6B86C5DE /* Pods-mmmttttUITests.release.xcconfig */ = {isa = PBXFileReference; includeInIndex = 1; lastKnownFileType = text.xcconfig; name = "Pods-mmmttttUITests.release.xcconfig"; path = "Pods/Target Support Files/Pods-mmmttttUITests/Pods-mmmttttUITests.release.xcconfig"; sourceTree = "<group>"; };
		7A7253C42527A6323C6272D6 /* libPods-mmmtttt.a */ = {isa = PBXFileReference; explicitFileType = archive.ar; includeInIndex = 0; path = "libPods-mmmtttt.a"; sourceTree = BUILT_PRODUCTS_DIR; };
		7ADDFD5525B4E8694000CA32 /* Pods-mmmttttTests.debug.xcconfig */ = {isa = PBXFileReference; includeInIndex = 1; lastKnownFileType = text.xcconfig; name = "Pods-mmmttttTests.debug.xcconfig"; path = "Pods/Target Support Files/Pods-mmmttttTests/Pods-mmmttttTests.debug.xcconfig"; sourceTree = "<group>"; };
		7C7636346A4D153CE968540F /* Pods-mmmtttt.release.xcconfig */ = {isa = PBXFileReference; includeInIndex = 1; lastKnownFileType = text.xcconfig; name = "Pods-mmmtttt.release.xcconfig"; path = "Pods/Target Support Files/Pods-mmmtttt/Pods-mmmtttt.release.xcconfig"; sourceTree = "<group>"; };
		C5522A0DC16B0A55087C70A5 /* Pods-mmmttttUITests.debug.xcconfig */ = {isa = PBXFileReference; includeInIndex = 1; lastKnownFileType = text.xcconfig; name = "Pods-mmmttttUITests.debug.xcconfig"; path = "Pods/Target Support Files/Pods-mmmttttUITests/Pods-mmmttttUITests.debug.xcconfig"; sourceTree = "<group>"; };
		C66D7F8A0CEF1F7B91B58BAA /* libPods-mmmttttTests.a */ = {isa = PBXFileReference; explicitFileType = archive.ar; includeInIndex = 0; path = "libPods-mmmttttTests.a"; sourceTree = BUILT_PRODUCTS_DIR; };
		CFFC73402510C12201E62D84 /* libPods-mmmttttUITests.a */ = {isa = PBXFileReference; explicitFileType = archive.ar; includeInIndex = 0; path = "libPods-mmmttttUITests.a"; sourceTree = BUILT_PRODUCTS_DIR; };
		E4BA97591F0F3E6500E67E21 /* mmmtttt.app */ = {isa = PBXFileReference; explicitFileType = wrapper.application; includeInIndex = 0; path = mmmtttt.app; sourceTree = BUILT_PRODUCTS_DIR; };
		E4BA975D1F0F3E6500E67E21 /* main.m */ = {isa = PBXFileReference; lastKnownFileType = sourcecode.c.objc; path = main.m; sourceTree = "<group>"; };
		E4BA975F1F0F3E6500E67E21 /* AppDelegate.h */ = {isa = PBXFileReference; lastKnownFileType = sourcecode.c.h; path = AppDelegate.h; sourceTree = "<group>"; };
		E4BA97601F0F3E6500E67E21 /* AppDelegate.m */ = {isa = PBXFileReference; lastKnownFileType = sourcecode.c.objc; path = AppDelegate.m; sourceTree = "<group>"; };
		E4BA97621F0F3E6500E67E21 /* ViewController.h */ = {isa = PBXFileReference; lastKnownFileType = sourcecode.c.h; path = ViewController.h; sourceTree = "<group>"; };
		E4BA97631F0F3E6500E67E21 /* ViewController.m */ = {isa = PBXFileReference; lastKnownFileType = sourcecode.c.objc; path = ViewController.m; sourceTree = "<group>"; };
		E4BA97661F0F3E6500E67E21 /* Base */ = {isa = PBXFileReference; lastKnownFileType = file.storyboard; name = Base; path = Base.lproj/Main.storyboard; sourceTree = "<group>"; };
		E4BA97681F0F3E6500E67E21 /* Assets.xcassets */ = {isa = PBXFileReference; lastKnownFileType = folder.assetcatalog; path = Assets.xcassets; sourceTree = "<group>"; };
		E4BA976B1F0F3E6500E67E21 /* Base */ = {isa = PBXFileReference; lastKnownFileType = file.storyboard; name = Base; path = Base.lproj/LaunchScreen.storyboard; sourceTree = "<group>"; };
		E4BA976D1F0F3E6500E67E21 /* Info.plist */ = {isa = PBXFileReference; lastKnownFileType = text.plist.xml; path = Info.plist; sourceTree = "<group>"; };
		E4BA97721F0F3E6500E67E21 /* mmmttttTests.xctest */ = {isa = PBXFileReference; explicitFileType = wrapper.cfbundle; includeInIndex = 0; path = mmmttttTests.xctest; sourceTree = BUILT_PRODUCTS_DIR; };
		E4BA97761F0F3E6500E67E21 /* mmmttttTests.m */ = {isa = PBXFileReference; lastKnownFileType = sourcecode.c.objc; path = mmmttttTests.m; sourceTree = "<group>"; };
		E4BA97781F0F3E6500E67E21 /* Info.plist */ = {isa = PBXFileReference; lastKnownFileType = text.plist.xml; path = Info.plist; sourceTree = "<group>"; };
		E4BA977D1F0F3E6500E67E21 /* mmmttttUITests.xctest */ = {isa = PBXFileReference; explicitFileType = wrapper.cfbundle; includeInIndex = 0; path = mmmttttUITests.xctest; sourceTree = BUILT_PRODUCTS_DIR; };
		E4BA97811F0F3E6500E67E21 /* mmmttttUITests.m */ = {isa = PBXFileReference; lastKnownFileType = sourcecode.c.objc; path = mmmttttUITests.m; sourceTree = "<group>"; };
		E4BA97831F0F3E6500E67E21 /* Info.plist */ = {isa = PBXFileReference; lastKnownFileType = text.plist.xml; path = Info.plist; sourceTree = "<group>"; };
		ED97546561889C0064C620D7 /* Pods-mmmttttTests.release.xcconfig */ = {isa = PBXFileReference; includeInIndex = 1; lastKnownFileType = text.xcconfig; name = "Pods-mmmttttTests.release.xcconfig"; path = "Pods/Target Support Files/Pods-mmmttttTests/Pods-mmmttttTests.release.xcconfig"; sourceTree = "<group>"; };
/* End PBXFileReference section */

/* Begin PBXFrameworksBuildPhase section */
		E4BA97561F0F3E6500E67E21 /* Frameworks */ = {
			isa = PBXFrameworksBuildPhase;
			buildActionMask = 2147483647;
			files = (
				B33E8AD2139BE419C5FF28BE /* libPods-mmmtttt.a in Frameworks */,
			);
			runOnlyForDeploymentPostprocessing = 0;
		};
		E4BA976F1F0F3E6500E67E21 /* Frameworks */ = {
			isa = PBXFrameworksBuildPhase;
			buildActionMask = 2147483647;
			files = (
				DF5655571266FEA4A27611A4 /* libPods-mmmttttTests.a in Frameworks */,
			);
			runOnlyForDeploymentPostprocessing = 0;
		};
		E4BA977A1F0F3E6500E67E21 /* Frameworks */ = {
			isa = PBXFrameworksBuildPhase;
			buildActionMask = 2147483647;
			files = (
				65208A287B933555F1ABBE2C /* libPods-mmmttttUITests.a in Frameworks */,
			);
			runOnlyForDeploymentPostprocessing = 0;
		};
/* End PBXFrameworksBuildPhase section */

/* Begin PBXGroup section */
		1091805EB5B9702E96EB6E77 /* Pods */ = {
			isa = PBXGroup;
			children = (
				1F53E6611294D7A172F46F1B /* Pods-mmmtttt.debug.xcconfig */,
				7C7636346A4D153CE968540F /* Pods-mmmtttt.release.xcconfig */,
				7ADDFD5525B4E8694000CA32 /* Pods-mmmttttTests.debug.xcconfig */,
				ED97546561889C0064C620D7 /* Pods-mmmttttTests.release.xcconfig */,
				C5522A0DC16B0A55087C70A5 /* Pods-mmmttttUITests.debug.xcconfig */,
				7313963493C43EDE6B86C5DE /* Pods-mmmttttUITests.release.xcconfig */,
			);
			name = Pods;
			sourceTree = "<group>";
		};
		E4BA97501F0F3E6400E67E21 = {
			isa = PBXGroup;
			children = (
				E4BA975B1F0F3E6500E67E21 /* mmmtttt */,
				E4BA97751F0F3E6500E67E21 /* mmmttttTests */,
				E4BA97801F0F3E6500E67E21 /* mmmttttUITests */,
				E4BA975A1F0F3E6500E67E21 /* Products */,
				1091805EB5B9702E96EB6E77 /* Pods */,
				E84B8E776E800DC01DE4A0FF /* Frameworks */,
			);
			sourceTree = "<group>";
		};
		E4BA975A1F0F3E6500E67E21 /* Products */ = {
			isa = PBXGroup;
			children = (
				E4BA97591F0F3E6500E67E21 /* mmmtttt.app */,
				E4BA97721F0F3E6500E67E21 /* mmmttttTests.xctest */,
				E4BA977D1F0F3E6500E67E21 /* mmmttttUITests.xctest */,
			);
			name = Products;
			sourceTree = "<group>";
		};
		E4BA975B1F0F3E6500E67E21 /* mmmtttt */ = {
			isa = PBXGroup;
			children = (
				E4BA975F1F0F3E6500E67E21 /* AppDelegate.h */,
				E4BA97601F0F3E6500E67E21 /* AppDelegate.m */,
				E4BA97621F0F3E6500E67E21 /* ViewController.h */,
				E4BA97631F0F3E6500E67E21 /* ViewController.m */,
				E4BA97651F0F3E6500E67E21 /* Main.storyboard */,
				E4BA97681F0F3E6500E67E21 /* Assets.xcassets */,
				E4BA976A1F0F3E6500E67E21 /* LaunchScreen.storyboard */,
				E4BA976D1F0F3E6500E67E21 /* Info.plist */,
				E4BA975C1F0F3E6500E67E21 /* Supporting Files */,
			);
			path = mmmtttt;
			sourceTree = "<group>";
		};
		E4BA975C1F0F3E6500E67E21 /* Supporting Files */ = {
			isa = PBXGroup;
			children = (
				E4BA975D1F0F3E6500E67E21 /* main.m */,
			);
			name = "Supporting Files";
			sourceTree = "<group>";
		};
		E4BA97751F0F3E6500E67E21 /* mmmttttTests */ = {
			isa = PBXGroup;
			children = (
				E4BA97761F0F3E6500E67E21 /* mmmttttTests.m */,
				E4BA97781F0F3E6500E67E21 /* Info.plist */,
			);
			path = mmmttttTests;
			sourceTree = "<group>";
		};
		E4BA97801F0F3E6500E67E21 /* mmmttttUITests */ = {
			isa = PBXGroup;
			children = (
				E4BA97811F0F3E6500E67E21 /* mmmttttUITests.m */,
				E4BA97831F0F3E6500E67E21 /* Info.plist */,
			);
			path = mmmttttUITests;
			sourceTree = "<group>";
		};
		E84B8E776E800DC01DE4A0FF /* Frameworks */ = {
			isa = PBXGroup;
			children = (
				7A7253C42527A6323C6272D6 /* libPods-mmmtttt.a */,
				C66D7F8A0CEF1F7B91B58BAA /* libPods-mmmttttTests.a */,
				CFFC73402510C12201E62D84 /* libPods-mmmttttUITests.a */,
			);
			name = Frameworks;
			sourceTree = "<group>";
		};
/* End PBXGroup section */

/* Begin PBXNativeTarget section */
		E4BA97581F0F3E6500E67E21 /* mmmtttt */ = {
			isa = PBXNativeTarget;
			buildConfigurationList = E4BA97861F0F3E6500E67E21 /* Build configuration list for PBXNativeTarget "mmmtttt" */;
			buildPhases = (
				BAF962AF077641995367A76C /* [CP] Check Pods Manifest.lock */,
				E4BA97551F0F3E6500E67E21 /* Sources */,
				E4BA97561F0F3E6500E67E21 /* Frameworks */,
				E4BA97571F0F3E6500E67E21 /* Resources */,
				57321AC9D8F090C2D908293B /* [CP] Embed Pods Frameworks */,
				3D7191599D33120DBA24444A /* [CP] Copy Pods Resources */,
			);
			buildRules = (
			);
			dependencies = (
			);
			name = mmmtttt;
			productName = mmmtttt;
			productReference = E4BA97591F0F3E6500E67E21 /* mmmtttt.app */;
			productType = "com.apple.product-type.application";
		};
		E4BA97711F0F3E6500E67E21 /* mmmttttTests */ = {
			isa = PBXNativeTarget;
			buildConfigurationList = E4BA97891F0F3E6500E67E21 /* Build configuration list for PBXNativeTarget "mmmttttTests" */;
			buildPhases = (
				95E5511F2A041D590E9EE2EA /* [CP] Check Pods Manifest.lock */,
				E4BA976E1F0F3E6500E67E21 /* Sources */,
				E4BA976F1F0F3E6500E67E21 /* Frameworks */,
				E4BA97701F0F3E6500E67E21 /* Resources */,
				6E5AD695677FD0BB1DDA7743 /* [CP] Embed Pods Frameworks */,
				580DC78520DABE36D0DA1A56 /* [CP] Copy Pods Resources */,
			);
			buildRules = (
			);
			dependencies = (
				E4BA97741F0F3E6500E67E21 /* PBXTargetDependency */,
			);
			name = mmmttttTests;
			productName = mmmttttTests;
			productReference = E4BA97721F0F3E6500E67E21 /* mmmttttTests.xctest */;
			productType = "com.apple.product-type.bundle.unit-test";
		};
		E4BA977C1F0F3E6500E67E21 /* mmmttttUITests */ = {
			isa = PBXNativeTarget;
			buildConfigurationList = E4BA978C1F0F3E6500E67E21 /* Build configuration list for PBXNativeTarget "mmmttttUITests" */;
			buildPhases = (
				87195EFB4560A45A9F95C50A /* [CP] Check Pods Manifest.lock */,
				E4BA97791F0F3E6500E67E21 /* Sources */,
				E4BA977A1F0F3E6500E67E21 /* Frameworks */,
				E4BA977B1F0F3E6500E67E21 /* Resources */,
				85D4C7D1DBC752DD2D9C1DD4 /* [CP] Embed Pods Frameworks */,
				B5FEA268F8E01BE294C05720 /* [CP] Copy Pods Resources */,
			);
			buildRules = (
			);
			dependencies = (
				E4BA977F1F0F3E6500E67E21 /* PBXTargetDependency */,
			);
			name = mmmttttUITests;
			productName = mmmttttUITests;
			productReference = E4BA977D1F0F3E6500E67E21 /* mmmttttUITests.xctest */;
			productType = "com.apple.product-type.bundle.ui-testing";
		};
/* End PBXNativeTarget section */

/* Begin PBXProject section */
		E4BA97511F0F3E6400E67E21 /* Project object */ = {
			isa = PBXProject;
			attributes = {
				LastUpgradeCheck = 0830;
				ORGANIZATIONNAME = damon;
				TargetAttributes = {
					E4BA97581F0F3E6500E67E21 = {
						CreatedOnToolsVersion = 8.3.3;
						DevelopmentTeam = DBH6C2N85V;
						ProvisioningStyle = Manual;
					};
					E4BA97711F0F3E6500E67E21 = {
						CreatedOnToolsVersion = 8.3.3;
						DevelopmentTeam = DBH6C2N85V;
						ProvisioningStyle = Automatic;
						TestTargetID = E4BA97581F0F3E6500E67E21;
					};
					E4BA977C1F0F3E6500E67E21 = {
						CreatedOnToolsVersion = 8.3.3;
						DevelopmentTeam = DBH6C2N85V;
						ProvisioningStyle = Automatic;
						TestTargetID = E4BA97581F0F3E6500E67E21;
					};
				};
			};
			buildConfigurationList = E4BA97541F0F3E6400E67E21 /* Build configuration list for PBXProject "mmmtttt" */;
			compatibilityVersion = "Xcode 3.2";
			developmentRegion = English;
			hasScannedForEncodings = 0;
			knownRegions = (
				en,
				Base,
			);
			mainGroup = E4BA97501F0F3E6400E67E21;
			productRefGroup = E4BA975A1F0F3E6500E67E21 /* Products */;
			projectDirPath = "";
			projectRoot = "";
			targets = (
				E4BA97581F0F3E6500E67E21 /* mmmtttt */,
				E4BA97711F0F3E6500E67E21 /* mmmttttTests */,
				E4BA977C1F0F3E6500E67E21 /* mmmttttUITests */,
			);
		};
/* End PBXProject section */

/* Begin PBXResourcesBuildPhase section */
		E4BA97571F0F3E6500E67E21 /* Resources */ = {
			isa = PBXResourcesBuildPhase;
			buildActionMask = 2147483647;
			files = (
				E4BA976C1F0F3E6500E67E21 /* LaunchScreen.storyboard in Resources */,
				E4BA97691F0F3E6500E67E21 /* Assets.xcassets in Resources */,
				E4BA97671F0F3E6500E67E21 /* Main.storyboard in Resources */,
			);
			runOnlyForDeploymentPostprocessing = 0;
		};
		E4BA97701F0F3E6500E67E21 /* Resources */ = {
			isa = PBXResourcesBuildPhase;
			buildActionMask = 2147483647;
			files = (
			);
			runOnlyForDeploymentPostprocessing = 0;
		};
		E4BA977B1F0F3E6500E67E21 /* Resources */ = {
			isa = PBXResourcesBuildPhase;
			buildActionMask = 2147483647;
			files = (
			);
			runOnlyForDeploymentPostprocessing = 0;
		};
/* End PBXResourcesBuildPhase section */

/* Begin PBXShellScriptBuildPhase section */
		3D7191599D33120DBA24444A /* [CP] Copy Pods Resources */ = {
			isa = PBXShellScriptBuildPhase;
			buildActionMask = 2147483647;
			files = (
			);
			inputPaths = (
			);
			name = "[CP] Copy Pods Resources";
			outputPaths = (
			);
			runOnlyForDeploymentPostprocessing = 0;
			shellPath = /bin/sh;
			shellScript = "\"${SRCROOT}/Pods/Target Support Files/Pods-mmmtttt/Pods-mmmtttt-resources.sh\"\n";
			showEnvVarsInLog = 0;
		};
		57321AC9D8F090C2D908293B /* [CP] Embed Pods Frameworks */ = {
			isa = PBXShellScriptBuildPhase;
			buildActionMask = 2147483647;
			files = (
			);
			inputPaths = (
			);
			name = "[CP] Embed Pods Frameworks";
			outputPaths = (
			);
			runOnlyForDeploymentPostprocessing = 0;
			shellPath = /bin/sh;
			shellScript = "\"${SRCROOT}/Pods/Target Support Files/Pods-mmmtttt/Pods-mmmtttt-frameworks.sh\"\n";
			showEnvVarsInLog = 0;
		};
		580DC78520DABE36D0DA1A56 /* [CP] Copy Pods Resources */ = {
			isa = PBXShellScriptBuildPhase;
			buildActionMask = 2147483647;
			files = (
			);
			inputPaths = (
			);
			name = "[CP] Copy Pods Resources";
			outputPaths = (
			);
			runOnlyForDeploymentPostprocessing = 0;
			shellPath = /bin/sh;
			shellScript = "\"${SRCROOT}/Pods/Target Support Files/Pods-mmmttttTests/Pods-mmmttttTests-resources.sh\"\n";
			showEnvVarsInLog = 0;
		};
		6E5AD695677FD0BB1DDA7743 /* [CP] Embed Pods Frameworks */ = {
			isa = PBXShellScriptBuildPhase;
			buildActionMask = 2147483647;
			files = (
			);
			inputPaths = (
			);
			name = "[CP] Embed Pods Frameworks";
			outputPaths = (
			);
			runOnlyForDeploymentPostprocessing = 0;
			shellPath = /bin/sh;
			shellScript = "\"${SRCROOT}/Pods/Target Support Files/Pods-mmmttttTests/Pods-mmmttttTests-frameworks.sh\"\n";
			showEnvVarsInLog = 0;
		};
		85D4C7D1DBC752DD2D9C1DD4 /* [CP] Embed Pods Frameworks */ = {
			isa = PBXShellScriptBuildPhase;
			buildActionMask = 2147483647;
			files = (
			);
			inputPaths = (
			);
			name = "[CP] Embed Pods Frameworks";
			outputPaths = (
			);
			runOnlyForDeploymentPostprocessing = 0;
			shellPath = /bin/sh;
			shellScript = "\"${SRCROOT}/Pods/Target Support Files/Pods-mmmttttUITests/Pods-mmmttttUITests-frameworks.sh\"\n";
			showEnvVarsInLog = 0;
		};
		87195EFB4560A45A9F95C50A /* [CP] Check Pods Manifest.lock */ = {
			isa = PBXShellScriptBuildPhase;
			buildActionMask = 2147483647;
			files = (
			);
			inputPaths = (
			);
			name = "[CP] Check Pods Manifest.lock";
			outputPaths = (
			);
			runOnlyForDeploymentPostprocessing = 0;
			shellPath = /bin/sh;
			shellScript = "diff \"${PODS_ROOT}/../Podfile.lock\" \"${PODS_ROOT}/Manifest.lock\" > /dev/null\nif [ $? != 0 ] ; then\n    # print error to STDERR\n    echo \"error: The sandbox is not in sync with the Podfile.lock. Run 'pod install' or update your CocoaPods installation.\" >&2\n    exit 1\nfi\n";
			showEnvVarsInLog = 0;
		};
		95E5511F2A041D590E9EE2EA /* [CP] Check Pods Manifest.lock */ = {
			isa = PBXShellScriptBuildPhase;
			buildActionMask = 2147483647;
			files = (
			);
			inputPaths = (
			);
			name = "[CP] Check Pods Manifest.lock";
			outputPaths = (
			);
			runOnlyForDeploymentPostprocessing = 0;
			shellPath = /bin/sh;
			shellScript = "diff \"${PODS_ROOT}/../Podfile.lock\" \"${PODS_ROOT}/Manifest.lock\" > /dev/null\nif [ $? != 0 ] ; then\n    # print error to STDERR\n    echo \"error: The sandbox is not in sync with the Podfile.lock. Run 'pod install' or update your CocoaPods installation.\" >&2\n    exit 1\nfi\n";
			showEnvVarsInLog = 0;
		};
		B5FEA268F8E01BE294C05720 /* [CP] Copy Pods Resources */ = {
			isa = PBXShellScriptBuildPhase;
			buildActionMask = 2147483647;
			files = (
			);
			inputPaths = (
			);
			name = "[CP] Copy Pods Resources";
			outputPaths = (
			);
			runOnlyForDeploymentPostprocessing = 0;
			shellPath = /bin/sh;
			shellScript = "\"${SRCROOT}/Pods/Target Support Files/Pods-mmmttttUITests/Pods-mmmttttUITests-resources.sh\"\n";
			showEnvVarsInLog = 0;
		};
		BAF962AF077641995367A76C /* [CP] Check Pods Manifest.lock */ = {
			isa = PBXShellScriptBuildPhase;
			buildActionMask = 2147483647;
			files = (
			);
			inputPaths = (
			);
			name = "[CP] Check Pods Manifest.lock";
			outputPaths = (
			);
			runOnlyForDeploymentPostprocessing = 0;
			shellPath = /bin/sh;
			shellScript = "diff \"${PODS_ROOT}/../Podfile.lock\" \"${PODS_ROOT}/Manifest.lock\" > /dev/null\nif [ $? != 0 ] ; then\n    # print error to STDERR\n    echo \"error: The sandbox is not in sync with the Podfile.lock. Run 'pod install' or update your CocoaPods installation.\" >&2\n    exit 1\nfi\n";
			showEnvVarsInLog = 0;
		};
/* End PBXShellScriptBuildPhase section */

/* Begin PBXSourcesBuildPhase section */
		E4BA97551F0F3E6500E67E21 /* Sources */ = {
			isa = PBXSourcesBuildPhase;
			buildActionMask = 2147483647;
			files = (
				E4BA97641F0F3E6500E67E21 /* ViewController.m in Sources */,
				E4BA97611F0F3E6500E67E21 /* AppDelegate.m in Sources */,
				E4BA975E1F0F3E6500E67E21 /* main.m in Sources */,
			);
			runOnlyForDeploymentPostprocessing = 0;
		};
		E4BA976E1F0F3E6500E67E21 /* Sources */ = {
			isa = PBXSourcesBuildPhase;
			buildActionMask = 2147483647;
			files = (
				E4BA97771F0F3E6500E67E21 /* mmmttttTests.m in Sources */,
			);
			runOnlyForDeploymentPostprocessing = 0;
		};
		E4BA97791F0F3E6500E67E21 /* Sources */ = {
			isa = PBXSourcesBuildPhase;
			buildActionMask = 2147483647;
			files = (
				E4BA97821F0F3E6500E67E21 /* mmmttttUITests.m in Sources */,
			);
			runOnlyForDeploymentPostprocessing = 0;
		};
/* End PBXSourcesBuildPhase section */

/* Begin PBXTargetDependency section */
		E4BA97741F0F3E6500E67E21 /* PBXTargetDependency */ = {
			isa = PBXTargetDependency;
			target = E4BA97581F0F3E6500E67E21 /* mmmtttt */;
			targetProxy = E4BA97731F0F3E6500E67E21 /* PBXContainerItemProxy */;
		};
		E4BA977F1F0F3E6500E67E21 /* PBXTargetDependency */ = {
			isa = PBXTargetDependency;
			target = E4BA97581F0F3E6500E67E21 /* mmmtttt */;
			targetProxy = E4BA977E1F0F3E6500E67E21 /* PBXContainerItemProxy */;
		};
/* End PBXTargetDependency section */

/* Begin PBXVariantGroup section */
		E4BA97651F0F3E6500E67E21 /* Main.storyboard */ = {
			isa = PBXVariantGroup;
			children = (
				E4BA97661F0F3E6500E67E21 /* Base */,
			);
			name = Main.storyboard;
			sourceTree = "<group>";
		};
		E4BA976A1F0F3E6500E67E21 /* LaunchScreen.storyboard */ = {
			isa = PBXVariantGroup;
			children = (
				E4BA976B1F0F3E6500E67E21 /* Base */,
			);
			name = LaunchScreen.storyboard;
			sourceTree = "<group>";
		};
/* End PBXVariantGroup section */

/* Begin XCBuildConfiguration section */
		E4BA97841F0F3E6500E67E21 /* Debug */ = {
			isa = XCBuildConfiguration;
			buildSettings = {
				ALWAYS_SEARCH_USER_PATHS = NO;
				CLANG_ANALYZER_NONNULL = YES;
				CLANG_ANALYZER_NUMBER_OBJECT_CONVERSION = YES_AGGRESSIVE;
				CLANG_CXX_LANGUAGE_STANDARD = "gnu++0x";
				CLANG_CXX_LIBRARY = "libc++";
				CLANG_ENABLE_MODULES = YES;
				CLANG_ENABLE_OBJC_ARC = YES;
				CLANG_WARN_BOOL_CONVERSION = YES;
				CLANG_WARN_CONSTANT_CONVERSION = YES;
				CLANG_WARN_DIRECT_OBJC_ISA_USAGE = YES_ERROR;
				CLANG_WARN_DOCUMENTATION_COMMENTS = YES;
				CLANG_WARN_EMPTY_BODY = YES;
				CLANG_WARN_ENUM_CONVERSION = YES;
				CLANG_WARN_INFINITE_RECURSION = YES;
				CLANG_WARN_INT_CONVERSION = YES;
				CLANG_WARN_OBJC_ROOT_CLASS = YES_ERROR;
				CLANG_WARN_SUSPICIOUS_MOVE = YES;
				CLANG_WARN_UNREACHABLE_CODE = YES;
				CLANG_WARN__DUPLICATE_METHOD_MATCH = YES;
				"CODE_SIGN_IDENTITY[sdk=iphoneos*]" = "iPhone Developer";
				COPY_PHASE_STRIP = NO;
				DEBUG_INFORMATION_FORMAT = dwarf;
				ENABLE_STRICT_OBJC_MSGSEND = YES;
				ENABLE_TESTABILITY = YES;
				GCC_C_LANGUAGE_STANDARD = gnu99;
				GCC_DYNAMIC_NO_PIC = NO;
				GCC_NO_COMMON_BLOCKS = YES;
				GCC_OPTIMIZATION_LEVEL = 0;
				GCC_PREPROCESSOR_DEFINITIONS = (
					"DEBUG=1",
					"$(inherited)",
				);
				GCC_WARN_64_TO_32_BIT_CONVERSION = YES;
				GCC_WARN_ABOUT_RETURN_TYPE = YES_ERROR;
				GCC_WARN_UNDECLARED_SELECTOR = YES;
				GCC_WARN_UNINITIALIZED_AUTOS = YES_AGGRESSIVE;
				GCC_WARN_UNUSED_FUNCTION = YES;
				GCC_WARN_UNUSED_VARIABLE = YES;
				IPHONEOS_DEPLOYMENT_TARGET = 10.3;
				MTL_ENABLE_DEBUG_INFO = YES;
				ONLY_ACTIVE_ARCH = YES;
				SDKROOT = iphoneos;
				TARGETED_DEVICE_FAMILY = "1,2";
			};
			name = Debug;
		};
		E4BA97851F0F3E6500E67E21 /* Release */ = {
			isa = XCBuildConfiguration;
			buildSettings = {
				ALWAYS_SEARCH_USER_PATHS = NO;
				CLANG_ANALYZER_NONNULL = YES;
				CLANG_ANALYZER_NUMBER_OBJECT_CONVERSION = YES_AGGRESSIVE;
				CLANG_CXX_LANGUAGE_STANDARD = "gnu++0x";
				CLANG_CXX_LIBRARY = "libc++";
				CLANG_ENABLE_MODULES = YES;
				CLANG_ENABLE_OBJC_ARC = YES;
				CLANG_WARN_BOOL_CONVERSION = YES;
				CLANG_WARN_CONSTANT_CONVERSION = YES;
				CLANG_WARN_DIRECT_OBJC_ISA_USAGE = YES_ERROR;
				CLANG_WARN_DOCUMENTATION_COMMENTS = YES;
				CLANG_WARN_EMPTY_BODY = YES;
				CLANG_WARN_ENUM_CONVERSION = YES;
				CLANG_WARN_INFINITE_RECURSION = YES;
				CLANG_WARN_INT_CONVERSION = YES;
				CLANG_WARN_OBJC_ROOT_CLASS = YES_ERROR;
				CLANG_WARN_SUSPICIOUS_MOVE = YES;
				CLANG_WARN_UNREACHABLE_CODE = YES;
				CLANG_WARN__DUPLICATE_METHOD_MATCH = YES;
				"CODE_SIGN_IDENTITY[sdk=iphoneos*]" = "iPhone Developer";
				COPY_PHASE_STRIP = NO;
				DEBUG_INFORMATION_FORMAT = "dwarf-with-dsym";
				ENABLE_NS_ASSERTIONS = NO;
				ENABLE_STRICT_OBJC_MSGSEND = YES;
				GCC_C_LANGUAGE_STANDARD = gnu99;
				GCC_NO_COMMON_BLOCKS = YES;
				GCC_WARN_64_TO_32_BIT_CONVERSION = YES;
				GCC_WARN_ABOUT_RETURN_TYPE = YES_ERROR;
				GCC_WARN_UNDECLARED_SELECTOR = YES;
				GCC_WARN_UNINITIALIZED_AUTOS = YES_AGGRESSIVE;
				GCC_WARN_UNUSED_FUNCTION = YES;
				GCC_WARN_UNUSED_VARIABLE = YES;
				IPHONEOS_DEPLOYMENT_TARGET = 10.3;
				MTL_ENABLE_DEBUG_INFO = NO;
				SDKROOT = iphoneos;
				TARGETED_DEVICE_FAMILY = "1,2";
				VALIDATE_PRODUCT = YES;
			};
			name = Release;
		};
		E4BA97871F0F3E6500E67E21 /* Debug */ = {
			isa = XCBuildConfiguration;
			baseConfigurationReference = 1F53E6611294D7A172F46F1B /* Pods-mmmtttt.debug.xcconfig */;
			buildSettings = {
				ASSETCATALOG_COMPILER_APPICON_NAME = AppIcon;
				DEVELOPMENT_TEAM = DBH6C2N85V;
				INFOPLIST_FILE = mmmtttt/Info.plist;
				LD_RUNPATH_SEARCH_PATHS = "$(inherited) @executable_path/Frameworks";
				PRODUCT_BUNDLE_IDENTIFIER = com.huaimayi.mmmtttt;
				PRODUCT_NAME = "$(TARGET_NAME)";
				PROVISIONING_PROFILE = "f070a26f-e2db-4324-b592-113b4240b8bc";
				PROVISIONING_PROFILE_SPECIFIER = dev_huaimayi_hu;
			};
			name = Debug;
		};
		E4BA97881F0F3E6500E67E21 /* Release */ = {
			isa = XCBuildConfiguration;
			baseConfigurationReference = 7C7636346A4D153CE968540F /* Pods-mmmtttt.release.xcconfig */;
			buildSettings = {
				ASSETCATALOG_COMPILER_APPICON_NAME = AppIcon;
				DEVELOPMENT_TEAM = "";
				INFOPLIST_FILE = mmmtttt/Info.plist;
				LD_RUNPATH_SEARCH_PATHS = "$(inherited) @executable_path/Frameworks";
				PRODUCT_BUNDLE_IDENTIFIER = com.huaimayi.mmmtttt;
				PRODUCT_NAME = "$(TARGET_NAME)";
				PROVISIONING_PROFILE_SPECIFIER = "";
			};
			name = Release;
		};
		E4BA978A1F0F3E6500E67E21 /* Debug */ = {
			isa = XCBuildConfiguration;
			baseConfigurationReference = 7ADDFD5525B4E8694000CA32 /* Pods-mmmttttTests.debug.xcconfig */;
			buildSettings = {
				BUNDLE_LOADER = "$(TEST_HOST)";
				DEVELOPMENT_TEAM = DBH6C2N85V;
				INFOPLIST_FILE = mmmttttTests/Info.plist;
				LD_RUNPATH_SEARCH_PATHS = "$(inherited) @executable_path/Frameworks @loader_path/Frameworks";
				PRODUCT_BUNDLE_IDENTIFIER = com.huaimayi.mmmttttTests;
				PRODUCT_NAME = "$(TARGET_NAME)";
				TEST_HOST = "$(BUILT_PRODUCTS_DIR)/mmmtttt.app/mmmtttt";
			};
			name = Debug;
		};
		E4BA978B1F0F3E6500E67E21 /* Release */ = {
			isa = XCBuildConfiguration;
			baseConfigurationReference = ED97546561889C0064C620D7 /* Pods-mmmttttTests.release.xcconfig */;
			buildSettings = {
				BUNDLE_LOADER = "$(TEST_HOST)";
				DEVELOPMENT_TEAM = DBH6C2N85V;
				INFOPLIST_FILE = mmmttttTests/Info.plist;
				LD_RUNPATH_SEARCH_PATHS = "$(inherited) @executable_path/Frameworks @loader_path/Frameworks";
				PRODUCT_BUNDLE_IDENTIFIER = com.huaimayi.mmmttttTests;
				PRODUCT_NAME = "$(TARGET_NAME)";
				TEST_HOST = "$(BUILT_PRODUCTS_DIR)/mmmtttt.app/mmmtttt";
			};
			name = Release;
		};
		E4BA978D1F0F3E6500E67E21 /* Debug */ = {
			isa = XCBuildConfiguration;
			baseConfigurationReference = C5522A0DC16B0A55087C70A5 /* Pods-mmmttttUITests.debug.xcconfig */;
			buildSettings = {
				DEVELOPMENT_TEAM = DBH6C2N85V;
				INFOPLIST_FILE = mmmttttUITests/Info.plist;
				LD_RUNPATH_SEARCH_PATHS = "$(inherited) @executable_path/Frameworks @loader_path/Frameworks";
				PRODUCT_BUNDLE_IDENTIFIER = com.huaimayi.mmmttttUITests;
				PRODUCT_NAME = "$(TARGET_NAME)";
				TEST_TARGET_NAME = mmmtttt;
			};
			name = Debug;
		};
		E4BA978E1F0F3E6500E67E21 /* Release */ = {
			isa = XCBuildConfiguration;
			baseConfigurationReference = 7313963493C43EDE6B86C5DE /* Pods-mmmttttUITests.release.xcconfig */;
			buildSettings = {
				DEVELOPMENT_TEAM = DBH6C2N85V;
				INFOPLIST_FILE = mmmttttUITests/Info.plist;
				LD_RUNPATH_SEARCH_PATHS = "$(inherited) @executable_path/Frameworks @loader_path/Frameworks";
				PRODUCT_BUNDLE_IDENTIFIER = com.huaimayi.mmmttttUITests;
				PRODUCT_NAME = "$(TARGET_NAME)";
				TEST_TARGET_NAME = mmmtttt;
			};
			name = Release;
		};
/* End XCBuildConfiguration section */

/* Begin XCConfigurationList section */
		E4BA97541F0F3E6400E67E21 /* Build configuration list for PBXProject "mmmtttt" */ = {
			isa = XCConfigurationList;
			buildConfigurations = (
				E4BA97841F0F3E6500E67E21 /* Debug */,
				E4BA97851F0F3E6500E67E21 /* Release */,
			);
			defaultConfigurationIsVisible = 0;
			defaultConfigurationName = Release;
		};
		E4BA97861F0F3E6500E67E21 /* Build configuration list for PBXNativeTarget "mmmtttt" */ = {
			isa = XCConfigurationList;
			buildConfigurations = (
				E4BA97871F0F3E6500E67E21 /* Debug */,
				E4BA97881F0F3E6500E67E21 /* Release */,
			);
			defaultConfigurationIsVisible = 0;
			defaultConfigurationName = Release;
		};
		E4BA97891F0F3E6500E67E21 /* Build configuration list for PBXNativeTarget "mmmttttTests" */ = {
			isa = XCConfigurationList;
			buildConfigurations = (
				E4BA978A1F0F3E6500E67E21 /* Debug */,
				E4BA978B1F0F3E6500E67E21 /* Release */,
			);
			defaultConfigurationIsVisible = 0;
			defaultConfigurationName = Release;
		};
		E4BA978C1F0F3E6500E67E21 /* Build configuration list for PBXNativeTarget "mmmttttUITests" */ = {
			isa = XCConfigurationList;
			buildConfigurations = (
				E4BA978D1F0F3E6500E67E21 /* Debug */,
				E4BA978E1F0F3E6500E67E21 /* Release */,
			);
			defaultConfigurationIsVisible = 0;
			defaultConfigurationName = Release;
		};
/* End XCConfigurationList section */
	};
	rootObject = E4BA97511F0F3E6400E67E21 /* Project object */;
}
