// !$*UTF8*$!
{
	archiveVersion = 1;
	classes = {
	};
	objectVersion = 46;
	objects = {

/* Begin PBXBuildFile section */
		844331061A8C924700DD9598 /* Foundation.framework in Frameworks */ = {isa = PBXBuildFile; fileRef = 844331051A8C924700DD9598 /* Foundation.framework */; };
		844331081A8C924700DD9598 /* CoreGraphics.framework in Frameworks */ = {isa = PBXBuildFile; fileRef = 844331071A8C924700DD9598 /* CoreGraphics.framework */; };
		8443310A1A8C924700DD9598 /* UIKit.framework in Frameworks */ = {isa = PBXBuildFile; fileRef = 844331091A8C924700DD9598 /* UIKit.framework */; };
		844331101A8C924700DD9598 /* InfoPlist.strings in Resources */ = {isa = PBXBuildFile; fileRef = 8443310E1A8C924700DD9598 /* InfoPlist.strings */; };
		844331121A8C924700DD9598 /* main.m in Sources */ = {isa = PBXBuildFile; fileRef = 844331111A8C924700DD9598 /* main.m */; };
		844331161A8C924700DD9598 /* AppDelegate.m in Sources */ = {isa = PBXBuildFile; fileRef = 844331151A8C924700DD9598 /* AppDelegate.m */; };
		844331181A8C924700DD9598 /* Images.xcassets in Resources */ = {isa = PBXBuildFile; fileRef = 844331171A8C924700DD9598 /* Images.xcassets */; };
		8443311F1A8C924700DD9598 /* XCTest.framework in Frameworks */ = {isa = PBXBuildFile; fileRef = 8443311E1A8C924700DD9598 /* XCTest.framework */; };
		844331201A8C924700DD9598 /* Foundation.framework in Frameworks */ = {isa = PBXBuildFile; fileRef = 844331051A8C924700DD9598 /* Foundation.framework */; };
		844331211A8C924700DD9598 /* UIKit.framework in Frameworks */ = {isa = PBXBuildFile; fileRef = 844331091A8C924700DD9598 /* UIKit.framework */; };
		844331291A8C924700DD9598 /* InfoPlist.strings in Resources */ = {isa = PBXBuildFile; fileRef = 844331271A8C924700DD9598 /* InfoPlist.strings */; };
		8443312B1A8C924700DD9598 /* hudongdongTests.m in Sources */ = {isa = PBXBuildFile; fileRef = 8443312A1A8C924700DD9598 /* hudongdongTests.m */; };
		844331361A8C930100DD9598 /* Touch.m in Sources */ = {isa = PBXBuildFile; fileRef = 844331351A8C930100DD9598 /* Touch.m */; };
		844331381A8C930F00DD9598 /* 1.png in Resources */ = {isa = PBXBuildFile; fileRef = 844331371A8C930F00DD9598 /* 1.png */; };
		8443313B1A8C93F900DD9598 /* FirstViewController.m in Sources */ = {isa = PBXBuildFile; fileRef = 8443313A1A8C93F900DD9598 /* FirstViewController.m */; };
		8443313E1A8C943400DD9598 /* SecondViewController.m in Sources */ = {isa = PBXBuildFile; fileRef = 8443313D1A8C943400DD9598 /* SecondViewController.m */; };
/* End PBXBuildFile section */

/* Begin PBXContainerItemProxy section */
		844331221A8C924700DD9598 /* PBXContainerItemProxy */ = {
			isa = PBXContainerItemProxy;
			containerPortal = 844330FA1A8C924700DD9598 /* Project object */;
			proxyType = 1;
			remoteGlobalIDString = 844331011A8C924700DD9598;
			remoteInfo = hudongdong;
		};
/* End PBXContainerItemProxy section */

/* Begin PBXFileReference section */
		844331021A8C924700DD9598 /* hudongdong.app */ = {isa = PBXFileReference; explicitFileType = wrapper.application; includeInIndex = 0; path = hudongdong.app; sourceTree = BUILT_PRODUCTS_DIR; };
		844331051A8C924700DD9598 /* Foundation.framework */ = {isa = PBXFileReference; lastKnownFileType = wrapper.framework; name = Foundation.framework; path = System/Library/Frameworks/Foundation.framework; sourceTree = SDKROOT; };
		844331071A8C924700DD9598 /* CoreGraphics.framework */ = {isa = PBXFileReference; lastKnownFileType = wrapper.framework; name = CoreGraphics.framework; path = System/Library/Frameworks/CoreGraphics.framework; sourceTree = SDKROOT; };
		844331091A8C924700DD9598 /* UIKit.framework */ = {isa = PBXFileReference; lastKnownFileType = wrapper.framework; name = UIKit.framework; path = System/Library/Frameworks/UIKit.framework; sourceTree = SDKROOT; };
		8443310D1A8C924700DD9598 /* hudongdong-Info.plist */ = {isa = PBXFileReference; lastKnownFileType = text.plist.xml; path = "hudongdong-Info.plist"; sourceTree = "<group>"; };
		8443310F1A8C924700DD9598 /* en */ = {isa = PBXFileReference; lastKnownFileType = text.plist.strings; name = en; path = en.lproj/InfoPlist.strings; sourceTree = "<group>"; };
		844331111A8C924700DD9598 /* main.m */ = {isa = PBXFileReference; lastKnownFileType = sourcecode.c.objc; path = main.m; sourceTree = "<group>"; };
		844331131A8C924700DD9598 /* hudongdong-Prefix.pch */ = {isa = PBXFileReference; lastKnownFileType = sourcecode.c.h; path = "hudongdong-Prefix.pch"; sourceTree = "<group>"; };
		844331141A8C924700DD9598 /* AppDelegate.h */ = {isa = PBXFileReference; lastKnownFileType = sourcecode.c.h; path = AppDelegate.h; sourceTree = "<group>"; };
		844331151A8C924700DD9598 /* AppDelegate.m */ = {isa = PBXFileReference; lastKnownFileType = sourcecode.c.objc; path = AppDelegate.m; sourceTree = "<group>"; };
		844331171A8C924700DD9598 /* Images.xcassets */ = {isa = PBXFileReference; lastKnownFileType = folder.assetcatalog; path = Images.xcassets; sourceTree = "<group>"; };
		8443311D1A8C924700DD9598 /* hudongdongTests.xctest */ = {isa = PBXFileReference; explicitFileType = wrapper.cfbundle; includeInIndex = 0; path = hudongdongTests.xctest; sourceTree = BUILT_PRODUCTS_DIR; };
		8443311E1A8C924700DD9598 /* XCTest.framework */ = {isa = PBXFileReference; lastKnownFileType = wrapper.framework; name = XCTest.framework; path = Library/Frameworks/XCTest.framework; sourceTree = DEVELOPER_DIR; };
		844331261A8C924700DD9598 /* hudongdongTests-Info.plist */ = {isa = PBXFileReference; lastKnownFileType = text.plist.xml; path = "hudongdongTests-Info.plist"; sourceTree = "<group>"; };
		844331281A8C924700DD9598 /* en */ = {isa = PBXFileReference; lastKnownFileType = text.plist.strings; name = en; path = en.lproj/InfoPlist.strings; sourceTree = "<group>"; };
		8443312A1A8C924700DD9598 /* hudongdongTests.m */ = {isa = PBXFileReference; lastKnownFileType = sourcecode.c.objc; path = hudongdongTests.m; sourceTree = "<group>"; };
		844331341A8C930100DD9598 /* Touch.h */ = {isa = PBXFileReference; fileEncoding = 4; lastKnownFileType = sourcecode.c.h; path = Touch.h; sourceTree = "<group>"; };
		844331351A8C930100DD9598 /* Touch.m */ = {isa = PBXFileReference; fileEncoding = 4; lastKnownFileType = sourcecode.c.objc; path = Touch.m; sourceTree = "<group>"; };
		844331371A8C930F00DD9598 /* 1.png */ = {isa = PBXFileReference; lastKnownFileType = image.png; path = 1.png; sourceTree = "<group>"; };
		844331391A8C93F900DD9598 /* FirstViewController.h */ = {isa = PBXFileReference; fileEncoding = 4; lastKnownFileType = sourcecode.c.h; path = FirstViewController.h; sourceTree = "<group>"; };
		8443313A1A8C93F900DD9598 /* FirstViewController.m */ = {isa = PBXFileReference; fileEncoding = 4; lastKnownFileType = sourcecode.c.objc; path = FirstViewController.m; sourceTree = "<group>"; };
		8443313C1A8C943400DD9598 /* SecondViewController.h */ = {isa = PBXFileReference; fileEncoding = 4; lastKnownFileType = sourcecode.c.h; path = SecondViewController.h; sourceTree = "<group>"; };
		8443313D1A8C943400DD9598 /* SecondViewController.m */ = {isa = PBXFileReference; fileEncoding = 4; lastKnownFileType = sourcecode.c.objc; path = SecondViewController.m; sourceTree = "<group>"; };
/* End PBXFileReference section */

/* Begin PBXFrameworksBuildPhase section */
		844330FF1A8C924700DD9598 /* Frameworks */ = {
			isa = PBXFrameworksBuildPhase;
			buildActionMask = 2147483647;
			files = (
				844331081A8C924700DD9598 /* CoreGraphics.framework in Frameworks */,
				8443310A1A8C924700DD9598 /* UIKit.framework in Frameworks */,
				844331061A8C924700DD9598 /* Foundation.framework in Frameworks */,
			);
			runOnlyForDeploymentPostprocessing = 0;
		};
		8443311A1A8C924700DD9598 /* Frameworks */ = {
			isa = PBXFrameworksBuildPhase;
			buildActionMask = 2147483647;
			files = (
				8443311F1A8C924700DD9598 /* XCTest.framework in Frameworks */,
				844331211A8C924700DD9598 /* UIKit.framework in Frameworks */,
				844331201A8C924700DD9598 /* Foundation.framework in Frameworks */,
			);
			runOnlyForDeploymentPostprocessing = 0;
		};
/* End PBXFrameworksBuildPhase section */

/* Begin PBXGroup section */
		844330F91A8C924700DD9598 = {
			isa = PBXGroup;
			children = (
				8443310B1A8C924700DD9598 /* hudongdong */,
				8443310C1A8C924700DD9598 /* Supporting Files */,
				844331241A8C924700DD9598 /* hudongdongTests */,
				844331041A8C924700DD9598 /* Frameworks */,
				844331031A8C924700DD9598 /* Products */,
			);
			sourceTree = "<group>";
		};
		844331031A8C924700DD9598 /* Products */ = {
			isa = PBXGroup;
			children = (
				844331021A8C924700DD9598 /* hudongdong.app */,
				8443311D1A8C924700DD9598 /* hudongdongTests.xctest */,
			);
			name = Products;
			sourceTree = "<group>";
		};
		844331041A8C924700DD9598 /* Frameworks */ = {
			isa = PBXGroup;
			children = (
				844331051A8C924700DD9598 /* Foundation.framework */,
				844331071A8C924700DD9598 /* CoreGraphics.framework */,
				844331091A8C924700DD9598 /* UIKit.framework */,
				8443311E1A8C924700DD9598 /* XCTest.framework */,
			);
			name = Frameworks;
			sourceTree = "<group>";
		};
		8443310B1A8C924700DD9598 /* hudongdong */ = {
			isa = PBXGroup;
			children = (
				844331141A8C924700DD9598 /* AppDelegate.h */,
				844331151A8C924700DD9598 /* AppDelegate.m */,
				844331341A8C930100DD9598 /* Touch.h */,
				844331351A8C930100DD9598 /* Touch.m */,
				844331391A8C93F900DD9598 /* FirstViewController.h */,
				8443313A1A8C93F900DD9598 /* FirstViewController.m */,
				8443313C1A8C943400DD9598 /* SecondViewController.h */,
				8443313D1A8C943400DD9598 /* SecondViewController.m */,
				844331371A8C930F00DD9598 /* 1.png */,
				844331171A8C924700DD9598 /* Images.xcassets */,
			);
			path = hudongdong;
			sourceTree = "<group>";
		};
		8443310C1A8C924700DD9598 /* Supporting Files */ = {
			isa = PBXGroup;
			children = (
				8443310D1A8C924700DD9598 /* hudongdong-Info.plist */,
				8443310E1A8C924700DD9598 /* InfoPlist.strings */,
				844331111A8C924700DD9598 /* main.m */,
				844331131A8C924700DD9598 /* hudongdong-Prefix.pch */,
			);
			name = "Supporting Files";
			path = hudongdong;
			sourceTree = "<group>";
		};
		844331241A8C924700DD9598 /* hudongdongTests */ = {
			isa = PBXGroup;
			children = (
				8443312A1A8C924700DD9598 /* hudongdongTests.m */,
				844331251A8C924700DD9598 /* Supporting Files */,
			);
			path = hudongdongTests;
			sourceTree = "<group>";
		};
		844331251A8C924700DD9598 /* Supporting Files */ = {
			isa = PBXGroup;
			children = (
				844331261A8C924700DD9598 /* hudongdongTests-Info.plist */,
				844331271A8C924700DD9598 /* InfoPlist.strings */,
			);
			name = "Supporting Files";
			sourceTree = "<group>";
		};
/* End PBXGroup section */

/* Begin PBXNativeTarget section */
		844331011A8C924700DD9598 /* hudongdong */ = {
			isa = PBXNativeTarget;
			buildConfigurationList = 8443312E1A8C924700DD9598 /* Build configuration list for PBXNativeTarget "hudongdong" */;
			buildPhases = (
				844330FE1A8C924700DD9598 /* Sources */,
				844330FF1A8C924700DD9598 /* Frameworks */,
				844331001A8C924700DD9598 /* Resources */,
			);
			buildRules = (
			);
			dependencies = (
			);
			name = hudongdong;
			productName = hudongdong;
			productReference = 844331021A8C924700DD9598 /* hudongdong.app */;
			productType = "com.apple.product-type.application";
		};
		8443311C1A8C924700DD9598 /* hudongdongTests */ = {
			isa = PBXNativeTarget;
			buildConfigurationList = 844331311A8C924700DD9598 /* Build configuration list for PBXNativeTarget "hudongdongTests" */;
			buildPhases = (
				844331191A8C924700DD9598 /* Sources */,
				8443311A1A8C924700DD9598 /* Frameworks */,
				8443311B1A8C924700DD9598 /* Resources */,
			);
			buildRules = (
			);
			dependencies = (
				844331231A8C924700DD9598 /* PBXTargetDependency */,
			);
			name = hudongdongTests;
			productName = hudongdongTests;
			productReference = 8443311D1A8C924700DD9598 /* hudongdongTests.xctest */;
			productType = "com.apple.product-type.bundle.unit-test";
		};
/* End PBXNativeTarget section */

/* Begin PBXProject section */
		844330FA1A8C924700DD9598 /* Project object */ = {
			isa = PBXProject;
			attributes = {
				LastUpgradeCheck = 0510;
				ORGANIZATIONNAME = admin;
				TargetAttributes = {
					8443311C1A8C924700DD9598 = {
						TestTargetID = 844331011A8C924700DD9598;
					};
				};
			};
			buildConfigurationList = 844330FD1A8C924700DD9598 /* Build configuration list for PBXProject "hudongdong" */;
			compatibilityVersion = "Xcode 3.2";
			developmentRegion = English;
			hasScannedForEncodings = 0;
			knownRegions = (
				en,
			);
			mainGroup = 844330F91A8C924700DD9598;
			productRefGroup = 844331031A8C924700DD9598 /* Products */;
			projectDirPath = "";
			projectRoot = "";
			targets = (
				844331011A8C924700DD9598 /* hudongdong */,
				8443311C1A8C924700DD9598 /* hudongdongTests */,
			);
		};
/* End PBXProject section */

/* Begin PBXResourcesBuildPhase section */
		844331001A8C924700DD9598 /* Resources */ = {
			isa = PBXResourcesBuildPhase;
			buildActionMask = 2147483647;
			files = (
				844331381A8C930F00DD9598 /* 1.png in Resources */,
				844331101A8C924700DD9598 /* InfoPlist.strings in Resources */,
				844331181A8C924700DD9598 /* Images.xcassets in Resources */,
			);
			runOnlyForDeploymentPostprocessing = 0;
		};
		8443311B1A8C924700DD9598 /* Resources */ = {
			isa = PBXResourcesBuildPhase;
			buildActionMask = 2147483647;
			files = (
				844331291A8C924700DD9598 /* InfoPlist.strings in Resources */,
			);
			runOnlyForDeploymentPostprocessing = 0;
		};
/* End PBXResourcesBuildPhase section */

/* Begin PBXSourcesBuildPhase section */
		844330FE1A8C924700DD9598 /* Sources */ = {
			isa = PBXSourcesBuildPhase;
			buildActionMask = 2147483647;
			files = (
				8443313E1A8C943400DD9598 /* SecondViewController.m in Sources */,
				844331361A8C930100DD9598 /* Touch.m in Sources */,
				844331161A8C924700DD9598 /* AppDelegate.m in Sources */,
				844331121A8C924700DD9598 /* main.m in Sources */,
				8443313B1A8C93F900DD9598 /* FirstViewController.m in Sources */,
			);
			runOnlyForDeploymentPostprocessing = 0;
		};
		844331191A8C924700DD9598 /* Sources */ = {
			isa = PBXSourcesBuildPhase;
			buildActionMask = 2147483647;
			files = (
				8443312B1A8C924700DD9598 /* hudongdongTests.m in Sources */,
			);
			runOnlyForDeploymentPostprocessing = 0;
		};
/* End PBXSourcesBuildPhase section */

/* Begin PBXTargetDependency section */
		844331231A8C924700DD9598 /* PBXTargetDependency */ = {
			isa = PBXTargetDependency;
			target = 844331011A8C924700DD9598 /* hudongdong */;
			targetProxy = 844331221A8C924700DD9598 /* PBXContainerItemProxy */;
		};
/* End PBXTargetDependency section */

/* Begin PBXVariantGroup section */
		8443310E1A8C924700DD9598 /* InfoPlist.strings */ = {
			isa = PBXVariantGroup;
			children = (
				8443310F1A8C924700DD9598 /* en */,
			);
			name = InfoPlist.strings;
			sourceTree = "<group>";
		};
		844331271A8C924700DD9598 /* InfoPlist.strings */ = {
			isa = PBXVariantGroup;
			children = (
				844331281A8C924700DD9598 /* en */,
			);
			name = InfoPlist.strings;
			sourceTree = "<group>";
		};
/* End PBXVariantGroup section */

/* Begin XCBuildConfiguration section */
		8443312C1A8C924700DD9598 /* Debug */ = {
			isa = XCBuildConfiguration;
			buildSettings = {
				ALWAYS_SEARCH_USER_PATHS = NO;
				CLANG_CXX_LANGUAGE_STANDARD = "gnu++0x";
				CLANG_CXX_LIBRARY = "libc++";
				CLANG_ENABLE_MODULES = YES;
				CLANG_ENABLE_OBJC_ARC = YES;
				CLANG_WARN_BOOL_CONVERSION = YES;
				CLANG_WARN_CONSTANT_CONVERSION = YES;
				CLANG_WARN_DIRECT_OBJC_ISA_USAGE = YES_ERROR;
				CLANG_WARN_EMPTY_BODY = YES;
				CLANG_WARN_ENUM_CONVERSION = YES;
				CLANG_WARN_INT_CONVERSION = YES;
				CLANG_WARN_OBJC_ROOT_CLASS = YES_ERROR;
				CLANG_WARN__DUPLICATE_METHOD_MATCH = YES;
				"CODE_SIGN_IDENTITY[sdk=iphoneos*]" = "iPhone Developer";
				COPY_PHASE_STRIP = NO;
				GCC_C_LANGUAGE_STANDARD = gnu99;
				GCC_DYNAMIC_NO_PIC = NO;
				GCC_OPTIMIZATION_LEVEL = 0;
				GCC_PREPROCESSOR_DEFINITIONS = (
					"DEBUG=1",
					"$(inherited)",
				);
				GCC_SYMBOLS_PRIVATE_EXTERN = NO;
				GCC_WARN_64_TO_32_BIT_CONVERSION = YES;
				GCC_WARN_ABOUT_RETURN_TYPE = YES_ERROR;
				GCC_WARN_UNDECLARED_SELECTOR = YES;
				GCC_WARN_UNINITIALIZED_AUTOS = YES_AGGRESSIVE;
				GCC_WARN_UNUSED_FUNCTION = YES;
				GCC_WARN_UNUSED_VARIABLE = YES;
				IPHONEOS_DEPLOYMENT_TARGET = 7.1;
				ONLY_ACTIVE_ARCH = YES;
				SDKROOT = iphoneos;
				TARGETED_DEVICE_FAMILY = "1,2";
			};
			name = Debug;
		};
		8443312D1A8C924700DD9598 /* Release */ = {
			isa = XCBuildConfiguration;
			buildSettings = {
				ALWAYS_SEARCH_USER_PATHS = NO;
				CLANG_CXX_LANGUAGE_STANDARD = "gnu++0x";
				CLANG_CXX_LIBRARY = "libc++";
				CLANG_ENABLE_MODULES = YES;
				CLANG_ENABLE_OBJC_ARC = YES;
				CLANG_WARN_BOOL_CONVERSION = YES;
				CLANG_WARN_CONSTANT_CONVERSION = YES;
				CLANG_WARN_DIRECT_OBJC_ISA_USAGE = YES_ERROR;
				CLANG_WARN_EMPTY_BODY = YES;
				CLANG_WARN_ENUM_CONVERSION = YES;
				CLANG_WARN_INT_CONVERSION = YES;
				CLANG_WARN_OBJC_ROOT_CLASS = YES_ERROR;
				CLANG_WARN__DUPLICATE_METHOD_MATCH = YES;
				"CODE_SIGN_IDENTITY[sdk=iphoneos*]" = "iPhone Developer";
				COPY_PHASE_STRIP = YES;
				ENABLE_NS_ASSERTIONS = NO;
				GCC_C_LANGUAGE_STANDARD = gnu99;
				GCC_WARN_64_TO_32_BIT_CONVERSION = YES;
				GCC_WARN_ABOUT_RETURN_TYPE = YES_ERROR;
				GCC_WARN_UNDECLARED_SELECTOR = YES;
				GCC_WARN_UNINITIALIZED_AUTOS = YES_AGGRESSIVE;
				GCC_WARN_UNUSED_FUNCTION = YES;
				GCC_WARN_UNUSED_VARIABLE = YES;
				IPHONEOS_DEPLOYMENT_TARGET = 7.1;
				SDKROOT = iphoneos;
				TARGETED_DEVICE_FAMILY = "1,2";
				VALIDATE_PRODUCT = YES;
			};
			name = Release;
		};
		8443312F1A8C924700DD9598 /* Debug */ = {
			isa = XCBuildConfiguration;
			buildSettings = {
				ASSETCATALOG_COMPILER_APPICON_NAME = AppIcon;
				ASSETCATALOG_COMPILER_LAUNCHIMAGE_NAME = LaunchImage;
				CODE_SIGN_IDENTITY = "iPhone Developer: weiping shi (9AS4894RY2)";
				GCC_PRECOMPILE_PREFIX_HEADER = YES;
				GCC_PREFIX_HEADER = "hudongdong/hudongdong-Prefix.pch";
				INFOPLIST_FILE = "hudongdong/hudongdong-Info.plist";
				PRODUCT_NAME = "$(TARGET_NAME)";
				WRAPPER_EXTENSION = app;
			};
			name = Debug;
		};
		844331301A8C924700DD9598 /* Release */ = {
			isa = XCBuildConfiguration;
			buildSettings = {
				ASSETCATALOG_COMPILER_APPICON_NAME = AppIcon;
				ASSETCATALOG_COMPILER_LAUNCHIMAGE_NAME = LaunchImage;
				CODE_SIGN_IDENTITY = "iPhone Developer: weiping shi (9AS4894RY2)";
				GCC_PRECOMPILE_PREFIX_HEADER = YES;
				GCC_PREFIX_HEADER = "hudongdong/hudongdong-Prefix.pch";
				INFOPLIST_FILE = "hudongdong/hudongdong-Info.plist";
				PRODUCT_NAME = "$(TARGET_NAME)";
				WRAPPER_EXTENSION = app;
			};
			name = Release;
		};
		844331321A8C924700DD9598 /* Debug */ = {
			isa = XCBuildConfiguration;
			buildSettings = {
				BUNDLE_LOADER = "$(BUILT_PRODUCTS_DIR)/hudongdong.app/hudongdong";
				FRAMEWORK_SEARCH_PATHS = (
					"$(SDKROOT)/Developer/Library/Frameworks",
					"$(inherited)",
					"$(DEVELOPER_FRAMEWORKS_DIR)",
				);
				GCC_PRECOMPILE_PREFIX_HEADER = YES;
				GCC_PREFIX_HEADER = "hudongdong/hudongdong-Prefix.pch";
				GCC_PREPROCESSOR_DEFINITIONS = (
					"DEBUG=1",
					"$(inherited)",
				);
				INFOPLIST_FILE = "hudongdongTests/hudongdongTests-Info.plist";
				PRODUCT_NAME = "$(TARGET_NAME)";
				TEST_HOST = "$(BUNDLE_LOADER)";
				WRAPPER_EXTENSION = xctest;
			};
			name = Debug;
		};
		844331331A8C924700DD9598 /* Release */ = {
			isa = XCBuildConfiguration;
			buildSettings = {
				BUNDLE_LOADER = "$(BUILT_PRODUCTS_DIR)/hudongdong.app/hudongdong";
				FRAMEWORK_SEARCH_PATHS = (
					"$(SDKROOT)/Developer/Library/Frameworks",
					"$(inherited)",
					"$(DEVELOPER_FRAMEWORKS_DIR)",
				);
				GCC_PRECOMPILE_PREFIX_HEADER = YES;
				GCC_PREFIX_HEADER = "hudongdong/hudongdong-Prefix.pch";
				INFOPLIST_FILE = "hudongdongTests/hudongdongTests-Info.plist";
				PRODUCT_NAME = "$(TARGET_NAME)";
				TEST_HOST = "$(BUNDLE_LOADER)";
				WRAPPER_EXTENSION = xctest;
			};
			name = Release;
		};
/* End XCBuildConfiguration section */

/* Begin XCConfigurationList section */
		844330FD1A8C924700DD9598 /* Build configuration list for PBXProject "hudongdong" */ = {
			isa = XCConfigurationList;
			buildConfigurations = (
				8443312C1A8C924700DD9598 /* Debug */,
				8443312D1A8C924700DD9598 /* Release */,
			);
			defaultConfigurationIsVisible = 0;
			defaultConfigurationName = Release;
		};
		8443312E1A8C924700DD9598 /* Build configuration list for PBXNativeTarget "hudongdong" */ = {
			isa = XCConfigurationList;
			buildConfigurations = (
				8443312F1A8C924700DD9598 /* Debug */,
				844331301A8C924700DD9598 /* Release */,
			);
			defaultConfigurationIsVisible = 0;
		};
		844331311A8C924700DD9598 /* Build configuration list for PBXNativeTarget "hudongdongTests" */ = {
			isa = XCConfigurationList;
			buildConfigurations = (
				844331321A8C924700DD9598 /* Debug */,
				844331331A8C924700DD9598 /* Release */,
			);
			defaultConfigurationIsVisible = 0;
		};
/* End XCConfigurationList section */
	};
	rootObject = 844330FA1A8C924700DD9598 /* Project object */;
}
